// !$*UTF8*$!
{
	archiveVersion = 1;
	classes = {
	};
	objectVersion = 46;
	objects = {

/* Begin PBXBuildFile section */
		052846E91C2C79A700273903 /* TDLItem.m in Sources */ = {isa = PBXBuildFile; fileRef = 052846E81C2C79A700273903 /* TDLItem.m */; };
		052846EC1C2C7A2C00273903 /* TDLDataSource.m in Sources */ = {isa = PBXBuildFile; fileRef = 052846EB1C2C7A2C00273903 /* TDLDataSource.m */; };
		052846EF1C2C84DE00273903 /* TDLOutlineViewDelegate.m in Sources */ = {isa = PBXBuildFile; fileRef = 052846EE1C2C84DE00273903 /* TDLOutlineViewDelegate.m */; };
		052846F21C2C869D00273903 /* TDLTblCellView.m in Sources */ = {isa = PBXBuildFile; fileRef = 052846F11C2C869D00273903 /* TDLTblCellView.m */; };
		057EDCE21C2A9E0B001EEEC0 /* AppDelegate.m in Sources */ = {isa = PBXBuildFile; fileRef = 057EDCE11C2A9E0B001EEEC0 /* AppDelegate.m */; };
		057EDCE51C2A9E0B001EEEC0 /* main.m in Sources */ = {isa = PBXBuildFile; fileRef = 057EDCE41C2A9E0B001EEEC0 /* main.m */; };
		057EDCE71C2A9E0B001EEEC0 /* Assets.xcassets in Resources */ = {isa = PBXBuildFile; fileRef = 057EDCE61C2A9E0B001EEEC0 /* Assets.xcassets */; };
		057EDCEA1C2A9E0B001EEEC0 /* MainMenu.xib in Resources */ = {isa = PBXBuildFile; fileRef = 057EDCE81C2A9E0B001EEEC0 /* MainMenu.xib */; };
		057EDD001C2AB9FE001EEEC0 /* TDLViewCtrl.m in Sources */ = {isa = PBXBuildFile; fileRef = 057EDCFF1C2AB9FE001EEEC0 /* TDLViewCtrl.m */; };
		057EDD031C2AD086001EEEC0 /* TDLView.m in Sources */ = {isa = PBXBuildFile; fileRef = 057EDD021C2AD086001EEEC0 /* TDLView.m */; };
		057EDD091C2B04E5001EEEC0 /* TDLOutlineView.m in Sources */ = {isa = PBXBuildFile; fileRef = 057EDD081C2B04E5001EEEC0 /* TDLOutlineView.m */; };
		057EDD0C1C2B069B001EEEC0 /* TDLScrollView.m in Sources */ = {isa = PBXBuildFile; fileRef = 057EDD0B1C2B069B001EEEC0 /* TDLScrollView.m */; };
		057EDD0F1C2B13F8001EEEC0 /* TDLTblRowView.m in Sources */ = {isa = PBXBuildFile; fileRef = 057EDD0E1C2B13F8001EEEC0 /* TDLTblRowView.m */; };
		057EDD121C2B1F74001EEEC0 /* TDLWinCtrl.m in Sources */ = {isa = PBXBuildFile; fileRef = 057EDD111C2B1F74001EEEC0 /* TDLWinCtrl.m */; };
		B4032A711C5E85E000AA82EF /* PopupToDoGUI.h in Headers */ = {isa = PBXBuildFile; fileRef = B4032A701C5E85E000AA82EF /* PopupToDoGUI.h */; settings = {ATTRIBUTES = (Public, ); }; };
		B4032A781C5E85E000AA82EF /* PopupToDoGUI.framework in Frameworks */ = {isa = PBXBuildFile; fileRef = B4032A6E1C5E85E000AA82EF /* PopupToDoGUI.framework */; };
		B4032A7D1C5E85E000AA82EF /* PopupToDoGUITests.m in Sources */ = {isa = PBXBuildFile; fileRef = B4032A7C1C5E85E000AA82EF /* PopupToDoGUITests.m */; };
		B4032A861C5E864200AA82EF /* TDLViewCtrl.h in Headers */ = {isa = PBXBuildFile; fileRef = 057EDCFE1C2AB9FE001EEEC0 /* TDLViewCtrl.h */; settings = {ATTRIBUTES = (Public, ); }; };
		B4032A881C5E864200AA82EF /* TDLView.h in Headers */ = {isa = PBXBuildFile; fileRef = 057EDD011C2AD086001EEEC0 /* TDLView.h */; settings = {ATTRIBUTES = (Public, ); }; };
		B4032A8A1C5E864200AA82EF /* TDLOutlineView.h in Headers */ = {isa = PBXBuildFile; fileRef = 057EDD071C2B04E5001EEEC0 /* TDLOutlineView.h */; settings = {ATTRIBUTES = (Public, ); }; };
		B4032A8C1C5E864300AA82EF /* TDLScrollView.h in Headers */ = {isa = PBXBuildFile; fileRef = 057EDD0A1C2B069B001EEEC0 /* TDLScrollView.h */; settings = {ATTRIBUTES = (Public, ); }; };
		B4032A8E1C5E864300AA82EF /* TDLTblRowView.h in Headers */ = {isa = PBXBuildFile; fileRef = 057EDD0D1C2B13F8001EEEC0 /* TDLTblRowView.h */; settings = {ATTRIBUTES = (Public, ); }; };
		B4032A901C5E864300AA82EF /* TDLWinCtrl.h in Headers */ = {isa = PBXBuildFile; fileRef = 057EDD101C2B1F74001EEEC0 /* TDLWinCtrl.h */; settings = {ATTRIBUTES = (Public, ); }; };
		B4032A921C5E864300AA82EF /* TDLItem.h in Headers */ = {isa = PBXBuildFile; fileRef = 052846E71C2C79A700273903 /* TDLItem.h */; settings = {ATTRIBUTES = (Public, ); }; };
		B4032A941C5E864300AA82EF /* TDLDataSource.h in Headers */ = {isa = PBXBuildFile; fileRef = 052846EA1C2C7A2C00273903 /* TDLDataSource.h */; settings = {ATTRIBUTES = (Public, ); }; };
		B4032A961C5E864300AA82EF /* TDLOutlineViewDelegate.h in Headers */ = {isa = PBXBuildFile; fileRef = 052846ED1C2C84DE00273903 /* TDLOutlineViewDelegate.h */; settings = {ATTRIBUTES = (Public, ); }; };
		B4032A981C5E864300AA82EF /* TDLTblCellView.h in Headers */ = {isa = PBXBuildFile; fileRef = 052846F01C2C869D00273903 /* TDLTblCellView.h */; settings = {ATTRIBUTES = (Public, ); }; };
		B4032A9A1C5E864300AA82EF /* TDLBtnNew.h in Headers */ = {isa = PBXBuildFile; fileRef = B49394DC1C5CAAB000362692 /* TDLBtnNew.h */; settings = {ATTRIBUTES = (Public, ); }; };
		B4032AB81C5E887300AA82EF /* TDLViewCtrl.m in Sources */ = {isa = PBXBuildFile; fileRef = 057EDCFF1C2AB9FE001EEEC0 /* TDLViewCtrl.m */; };
		B4032AB91C5E887300AA82EF /* TDLView.m in Sources */ = {isa = PBXBuildFile; fileRef = 057EDD021C2AD086001EEEC0 /* TDLView.m */; };
		B4032ABA1C5E887300AA82EF /* TDLOutlineView.m in Sources */ = {isa = PBXBuildFile; fileRef = 057EDD081C2B04E5001EEEC0 /* TDLOutlineView.m */; };
		B4032ABB1C5E887300AA82EF /* TDLScrollView.m in Sources */ = {isa = PBXBuildFile; fileRef = 057EDD0B1C2B069B001EEEC0 /* TDLScrollView.m */; };
		B4032ABC1C5E887300AA82EF /* TDLTblRowView.m in Sources */ = {isa = PBXBuildFile; fileRef = 057EDD0E1C2B13F8001EEEC0 /* TDLTblRowView.m */; };
		B4032ABD1C5E887300AA82EF /* TDLWinCtrl.m in Sources */ = {isa = PBXBuildFile; fileRef = 057EDD111C2B1F74001EEEC0 /* TDLWinCtrl.m */; };
		B4032ABE1C5E887300AA82EF /* TDLItem.m in Sources */ = {isa = PBXBuildFile; fileRef = 052846E81C2C79A700273903 /* TDLItem.m */; };
		B4032ABF1C5E887300AA82EF /* TDLDataSource.m in Sources */ = {isa = PBXBuildFile; fileRef = 052846EB1C2C7A2C00273903 /* TDLDataSource.m */; };
		B4032AC01C5E887300AA82EF /* TDLOutlineViewDelegate.m in Sources */ = {isa = PBXBuildFile; fileRef = 052846EE1C2C84DE00273903 /* TDLOutlineViewDelegate.m */; };
		B4032AC11C5E887300AA82EF /* TDLTblCellView.m in Sources */ = {isa = PBXBuildFile; fileRef = 052846F11C2C869D00273903 /* TDLTblCellView.m */; };
		B4032AC21C5E887300AA82EF /* TDLBtnNew.m in Sources */ = {isa = PBXBuildFile; fileRef = B49394DD1C5CAAB000362692 /* TDLBtnNew.m */; };
		B450E7DA1C6249BC00845EEA /* TDLTaskTitleField.m in Sources */ = {isa = PBXBuildFile; fileRef = B450E7D91C6249BC00845EEA /* TDLTaskTitleField.m */; };
		B450E7DB1C624A9D00845EEA /* TDLTaskTitleField.m in Sources */ = {isa = PBXBuildFile; fileRef = B450E7D91C6249BC00845EEA /* TDLTaskTitleField.m */; };
		B450E7DC1C624AA800845EEA /* TDLTaskTitleField.h in Headers */ = {isa = PBXBuildFile; fileRef = B450E7D81C6249BC00845EEA /* TDLTaskTitleField.h */; settings = {ATTRIBUTES = (Public, ); }; };
		B49394DE1C5CAAB000362692 /* TDLBtnNew.m in Sources */ = {isa = PBXBuildFile; fileRef = B49394DD1C5CAAB000362692 /* TDLBtnNew.m */; };
		B4F8600D1C60958F002B5D14 /* TDLDataSourceDelegate.h in Headers */ = {isa = PBXBuildFile; fileRef = B4F860091C609476002B5D14 /* TDLDataSourceDelegate.h */; settings = {ATTRIBUTES = (Public, ); }; };
/* End PBXBuildFile section */

/* Begin PBXContainerItemProxy section */
		B4032A791C5E85E000AA82EF /* PBXContainerItemProxy */ = {
			isa = PBXContainerItemProxy;
			containerPortal = 057EDCD51C2A9E0B001EEEC0 /* Project object */;
			proxyType = 1;
			remoteGlobalIDString = B4032A6D1C5E85E000AA82EF;
			remoteInfo = PopupToDoGUI;
		};
/* End PBXContainerItemProxy section */

/* Begin PBXFileReference section */
		052846E71C2C79A700273903 /* TDLItem.h */ = {isa = PBXFileReference; fileEncoding = 4; lastKnownFileType = sourcecode.c.h; name = TDLItem.h; path = Classes/TDLItem.h; sourceTree = "<group>"; };
		052846E81C2C79A700273903 /* TDLItem.m */ = {isa = PBXFileReference; fileEncoding = 4; lastKnownFileType = sourcecode.c.objc; name = TDLItem.m; path = Classes/TDLItem.m; sourceTree = "<group>"; };
		052846EA1C2C7A2C00273903 /* TDLDataSource.h */ = {isa = PBXFileReference; fileEncoding = 4; lastKnownFileType = sourcecode.c.h; name = TDLDataSource.h; path = Classes/TDLDataSource.h; sourceTree = "<group>"; };
		052846EB1C2C7A2C00273903 /* TDLDataSource.m */ = {isa = PBXFileReference; fileEncoding = 4; lastKnownFileType = sourcecode.c.objc; name = TDLDataSource.m; path = Classes/TDLDataSource.m; sourceTree = "<group>"; };
		052846ED1C2C84DE00273903 /* TDLOutlineViewDelegate.h */ = {isa = PBXFileReference; fileEncoding = 4; lastKnownFileType = sourcecode.c.h; name = TDLOutlineViewDelegate.h; path = Classes/TDLOutlineViewDelegate.h; sourceTree = "<group>"; };
		052846EE1C2C84DE00273903 /* TDLOutlineViewDelegate.m */ = {isa = PBXFileReference; fileEncoding = 4; lastKnownFileType = sourcecode.c.objc; name = TDLOutlineViewDelegate.m; path = Classes/TDLOutlineViewDelegate.m; sourceTree = "<group>"; };
		052846F01C2C869D00273903 /* TDLTblCellView.h */ = {isa = PBXFileReference; fileEncoding = 4; lastKnownFileType = sourcecode.c.h; name = TDLTblCellView.h; path = Classes/TDLTblCellView.h; sourceTree = "<group>"; };
		052846F11C2C869D00273903 /* TDLTblCellView.m */ = {isa = PBXFileReference; fileEncoding = 4; lastKnownFileType = sourcecode.c.objc; name = TDLTblCellView.m; path = Classes/TDLTblCellView.m; sourceTree = "<group>"; };
		057EDCDD1C2A9E0B001EEEC0 /* To-Do List App UI.app */ = {isa = PBXFileReference; explicitFileType = wrapper.application; includeInIndex = 0; path = "To-Do List App UI.app"; sourceTree = BUILT_PRODUCTS_DIR; };
		057EDCE01C2A9E0B001EEEC0 /* AppDelegate.h */ = {isa = PBXFileReference; lastKnownFileType = sourcecode.c.h; path = AppDelegate.h; sourceTree = "<group>"; };
		057EDCE11C2A9E0B001EEEC0 /* AppDelegate.m */ = {isa = PBXFileReference; lastKnownFileType = sourcecode.c.objc; path = AppDelegate.m; sourceTree = "<group>"; };
		057EDCE41C2A9E0B001EEEC0 /* main.m */ = {isa = PBXFileReference; lastKnownFileType = sourcecode.c.objc; path = main.m; sourceTree = "<group>"; };
		057EDCE61C2A9E0B001EEEC0 /* Assets.xcassets */ = {isa = PBXFileReference; lastKnownFileType = folder.assetcatalog; path = Assets.xcassets; sourceTree = "<group>"; };
		057EDCE91C2A9E0B001EEEC0 /* Base */ = {isa = PBXFileReference; lastKnownFileType = file.xib; name = Base; path = Base.lproj/MainMenu.xib; sourceTree = "<group>"; };
		057EDCEB1C2A9E0B001EEEC0 /* Info.plist */ = {isa = PBXFileReference; lastKnownFileType = text.plist.xml; path = Info.plist; sourceTree = "<group>"; };
		057EDCFE1C2AB9FE001EEEC0 /* TDLViewCtrl.h */ = {isa = PBXFileReference; fileEncoding = 4; lastKnownFileType = sourcecode.c.h; name = TDLViewCtrl.h; path = Classes/TDLViewCtrl.h; sourceTree = "<group>"; };
		057EDCFF1C2AB9FE001EEEC0 /* TDLViewCtrl.m */ = {isa = PBXFileReference; fileEncoding = 4; lastKnownFileType = sourcecode.c.objc; name = TDLViewCtrl.m; path = Classes/TDLViewCtrl.m; sourceTree = "<group>"; };
		057EDD011C2AD086001EEEC0 /* TDLView.h */ = {isa = PBXFileReference; fileEncoding = 4; lastKnownFileType = sourcecode.c.h; name = TDLView.h; path = Classes/TDLView.h; sourceTree = "<group>"; };
		057EDD021C2AD086001EEEC0 /* TDLView.m */ = {isa = PBXFileReference; fileEncoding = 4; lastKnownFileType = sourcecode.c.objc; name = TDLView.m; path = Classes/TDLView.m; sourceTree = "<group>"; };
		057EDD071C2B04E5001EEEC0 /* TDLOutlineView.h */ = {isa = PBXFileReference; fileEncoding = 4; lastKnownFileType = sourcecode.c.h; name = TDLOutlineView.h; path = Classes/TDLOutlineView.h; sourceTree = "<group>"; };
		057EDD081C2B04E5001EEEC0 /* TDLOutlineView.m */ = {isa = PBXFileReference; fileEncoding = 4; lastKnownFileType = sourcecode.c.objc; name = TDLOutlineView.m; path = Classes/TDLOutlineView.m; sourceTree = "<group>"; };
		057EDD0A1C2B069B001EEEC0 /* TDLScrollView.h */ = {isa = PBXFileReference; fileEncoding = 4; lastKnownFileType = sourcecode.c.h; name = TDLScrollView.h; path = Classes/TDLScrollView.h; sourceTree = "<group>"; };
		057EDD0B1C2B069B001EEEC0 /* TDLScrollView.m */ = {isa = PBXFileReference; fileEncoding = 4; lastKnownFileType = sourcecode.c.objc; name = TDLScrollView.m; path = Classes/TDLScrollView.m; sourceTree = "<group>"; };
		057EDD0D1C2B13F8001EEEC0 /* TDLTblRowView.h */ = {isa = PBXFileReference; fileEncoding = 4; lastKnownFileType = sourcecode.c.h; name = TDLTblRowView.h; path = Classes/TDLTblRowView.h; sourceTree = "<group>"; };
		057EDD0E1C2B13F8001EEEC0 /* TDLTblRowView.m */ = {isa = PBXFileReference; fileEncoding = 4; lastKnownFileType = sourcecode.c.objc; name = TDLTblRowView.m; path = Classes/TDLTblRowView.m; sourceTree = "<group>"; };
		057EDD101C2B1F74001EEEC0 /* TDLWinCtrl.h */ = {isa = PBXFileReference; fileEncoding = 4; lastKnownFileType = sourcecode.c.h; name = TDLWinCtrl.h; path = Classes/TDLWinCtrl.h; sourceTree = "<group>"; };
		057EDD111C2B1F74001EEEC0 /* TDLWinCtrl.m */ = {isa = PBXFileReference; fileEncoding = 4; lastKnownFileType = sourcecode.c.objc; name = TDLWinCtrl.m; path = Classes/TDLWinCtrl.m; sourceTree = "<group>"; };
		B4032A6E1C5E85E000AA82EF /* PopupToDoGUI.framework */ = {isa = PBXFileReference; explicitFileType = wrapper.framework; includeInIndex = 0; path = PopupToDoGUI.framework; sourceTree = BUILT_PRODUCTS_DIR; };
		B4032A701C5E85E000AA82EF /* PopupToDoGUI.h */ = {isa = PBXFileReference; lastKnownFileType = sourcecode.c.h; path = PopupToDoGUI.h; sourceTree = "<group>"; };
		B4032A721C5E85E000AA82EF /* Info.plist */ = {isa = PBXFileReference; lastKnownFileType = text.plist.xml; path = Info.plist; sourceTree = "<group>"; };
		B4032A771C5E85E000AA82EF /* PopupToDoGUITests.xctest */ = {isa = PBXFileReference; explicitFileType = wrapper.cfbundle; includeInIndex = 0; path = PopupToDoGUITests.xctest; sourceTree = BUILT_PRODUCTS_DIR; };
		B4032A7C1C5E85E000AA82EF /* PopupToDoGUITests.m */ = {isa = PBXFileReference; lastKnownFileType = sourcecode.c.objc; path = PopupToDoGUITests.m; sourceTree = "<group>"; };
		B4032A7E1C5E85E100AA82EF /* Info.plist */ = {isa = PBXFileReference; lastKnownFileType = text.plist.xml; path = Info.plist; sourceTree = "<group>"; };
		B450E7D81C6249BC00845EEA /* TDLTaskTitleField.h */ = {isa = PBXFileReference; fileEncoding = 4; lastKnownFileType = sourcecode.c.h; name = TDLTaskTitleField.h; path = Classes/TDLTaskTitleField.h; sourceTree = "<group>"; };
		B450E7D91C6249BC00845EEA /* TDLTaskTitleField.m */ = {isa = PBXFileReference; fileEncoding = 4; lastKnownFileType = sourcecode.c.objc; name = TDLTaskTitleField.m; path = Classes/TDLTaskTitleField.m; sourceTree = "<group>"; };
		B49394DC1C5CAAB000362692 /* TDLBtnNew.h */ = {isa = PBXFileReference; fileEncoding = 4; lastKnownFileType = sourcecode.c.h; name = TDLBtnNew.h; path = Classes/TDLBtnNew.h; sourceTree = "<group>"; };
		B49394DD1C5CAAB000362692 /* TDLBtnNew.m */ = {isa = PBXFileReference; fileEncoding = 4; lastKnownFileType = sourcecode.c.objc; name = TDLBtnNew.m; path = Classes/TDLBtnNew.m; sourceTree = "<group>"; };
		B4F860091C609476002B5D14 /* TDLDataSourceDelegate.h */ = {isa = PBXFileReference; fileEncoding = 4; lastKnownFileType = sourcecode.c.h; name = TDLDataSourceDelegate.h; path = Classes/TDLDataSourceDelegate.h; sourceTree = "<group>"; };
/* End PBXFileReference section */

/* Begin PBXFrameworksBuildPhase section */
		057EDCDA1C2A9E0B001EEEC0 /* Frameworks */ = {
			isa = PBXFrameworksBuildPhase;
			buildActionMask = 2147483647;
			files = (
			);
			runOnlyForDeploymentPostprocessing = 0;
		};
		B4032A6A1C5E85E000AA82EF /* Frameworks */ = {
			isa = PBXFrameworksBuildPhase;
			buildActionMask = 2147483647;
			files = (
			);
			runOnlyForDeploymentPostprocessing = 0;
		};
		B4032A741C5E85E000AA82EF /* Frameworks */ = {
			isa = PBXFrameworksBuildPhase;
			buildActionMask = 2147483647;
			files = (
				B4032A781C5E85E000AA82EF /* PopupToDoGUI.framework in Frameworks */,
			);
			runOnlyForDeploymentPostprocessing = 0;
		};
/* End PBXFrameworksBuildPhase section */

/* Begin PBXGroup section */
		057EDCD41C2A9E0B001EEEC0 = {
			isa = PBXGroup;
			children = (
				057EDCDF1C2A9E0B001EEEC0 /* To-Do List App UI */,
				B4032A851C5E85E500AA82EF /* Framework */,
				057EDCDE1C2A9E0B001EEEC0 /* Products */,
			);
			sourceTree = "<group>";
		};
		057EDCDE1C2A9E0B001EEEC0 /* Products */ = {
			isa = PBXGroup;
			children = (
				057EDCDD1C2A9E0B001EEEC0 /* To-Do List App UI.app */,
				B4032A6E1C5E85E000AA82EF /* PopupToDoGUI.framework */,
				B4032A771C5E85E000AA82EF /* PopupToDoGUITests.xctest */,
			);
			name = Products;
			sourceTree = "<group>";
		};
		057EDCDF1C2A9E0B001EEEC0 /* To-Do List App UI */ = {
			isa = PBXGroup;
			children = (
				057EDCF11C2AB5A9001EEEC0 /* Classes */,
				057EDCE01C2A9E0B001EEEC0 /* AppDelegate.h */,
				057EDCE11C2A9E0B001EEEC0 /* AppDelegate.m */,
				057EDCE61C2A9E0B001EEEC0 /* Assets.xcassets */,
				057EDCE81C2A9E0B001EEEC0 /* MainMenu.xib */,
				057EDCEB1C2A9E0B001EEEC0 /* Info.plist */,
				057EDCE31C2A9E0B001EEEC0 /* Supporting Files */,
			);
			path = "To-Do List App UI";
			sourceTree = "<group>";
		};
		057EDCE31C2A9E0B001EEEC0 /* Supporting Files */ = {
			isa = PBXGroup;
			children = (
				057EDCE41C2A9E0B001EEEC0 /* main.m */,
			);
			name = "Supporting Files";
			sourceTree = "<group>";
		};
		057EDCF11C2AB5A9001EEEC0 /* Classes */ = {
			isa = PBXGroup;
			children = (
				057EDCFE1C2AB9FE001EEEC0 /* TDLViewCtrl.h */,
				057EDCFF1C2AB9FE001EEEC0 /* TDLViewCtrl.m */,
				057EDD011C2AD086001EEEC0 /* TDLView.h */,
				057EDD021C2AD086001EEEC0 /* TDLView.m */,
				057EDD071C2B04E5001EEEC0 /* TDLOutlineView.h */,
				057EDD081C2B04E5001EEEC0 /* TDLOutlineView.m */,
				057EDD0A1C2B069B001EEEC0 /* TDLScrollView.h */,
				057EDD0B1C2B069B001EEEC0 /* TDLScrollView.m */,
				057EDD0D1C2B13F8001EEEC0 /* TDLTblRowView.h */,
				057EDD0E1C2B13F8001EEEC0 /* TDLTblRowView.m */,
				057EDD101C2B1F74001EEEC0 /* TDLWinCtrl.h */,
				057EDD111C2B1F74001EEEC0 /* TDLWinCtrl.m */,
				052846E71C2C79A700273903 /* TDLItem.h */,
				052846E81C2C79A700273903 /* TDLItem.m */,
				052846EA1C2C7A2C00273903 /* TDLDataSource.h */,
				052846EB1C2C7A2C00273903 /* TDLDataSource.m */,
				B4F860091C609476002B5D14 /* TDLDataSourceDelegate.h */,
				052846ED1C2C84DE00273903 /* TDLOutlineViewDelegate.h */,
				052846EE1C2C84DE00273903 /* TDLOutlineViewDelegate.m */,
				052846F01C2C869D00273903 /* TDLTblCellView.h */,
				052846F11C2C869D00273903 /* TDLTblCellView.m */,
				B49394DC1C5CAAB000362692 /* TDLBtnNew.h */,
				B49394DD1C5CAAB000362692 /* TDLBtnNew.m */,
				B450E7D81C6249BC00845EEA /* TDLTaskTitleField.h */,
				B450E7D91C6249BC00845EEA /* TDLTaskTitleField.m */,
			);
			name = Classes;
			sourceTree = "<group>";
		};
		B4032A6F1C5E85E000AA82EF /* PopupToDoGUI */ = {
			isa = PBXGroup;
			children = (
				B4032A701C5E85E000AA82EF /* PopupToDoGUI.h */,
				B4032A721C5E85E000AA82EF /* Info.plist */,
			);
			path = PopupToDoGUI;
			sourceTree = "<group>";
		};
		B4032A7B1C5E85E000AA82EF /* PopupToDoGUITests */ = {
			isa = PBXGroup;
			children = (
				B4032A7C1C5E85E000AA82EF /* PopupToDoGUITests.m */,
				B4032A7E1C5E85E100AA82EF /* Info.plist */,
			);
			path = PopupToDoGUITests;
			sourceTree = "<group>";
		};
		B4032A851C5E85E500AA82EF /* Framework */ = {
			isa = PBXGroup;
			children = (
				B4032A6F1C5E85E000AA82EF /* PopupToDoGUI */,
				B4032A7B1C5E85E000AA82EF /* PopupToDoGUITests */,
			);
			name = Framework;
			sourceTree = "<group>";
		};
/* End PBXGroup section */

/* Begin PBXHeadersBuildPhase section */
		B4032A6B1C5E85E000AA82EF /* Headers */ = {
			isa = PBXHeadersBuildPhase;
			buildActionMask = 2147483647;
			files = (
				B4032A711C5E85E000AA82EF /* PopupToDoGUI.h in Headers */,
				B4032A861C5E864200AA82EF /* TDLViewCtrl.h in Headers */,
				B4032A881C5E864200AA82EF /* TDLView.h in Headers */,
				B4032A8A1C5E864200AA82EF /* TDLOutlineView.h in Headers */,
				B4032A8C1C5E864300AA82EF /* TDLScrollView.h in Headers */,
				B4032A8E1C5E864300AA82EF /* TDLTblRowView.h in Headers */,
				B4032A901C5E864300AA82EF /* TDLWinCtrl.h in Headers */,
				B4032A921C5E864300AA82EF /* TDLItem.h in Headers */,
				B4032A941C5E864300AA82EF /* TDLDataSource.h in Headers */,
				B4032A961C5E864300AA82EF /* TDLOutlineViewDelegate.h in Headers */,
				B4032A981C5E864300AA82EF /* TDLTblCellView.h in Headers */,
				B4032A9A1C5E864300AA82EF /* TDLBtnNew.h in Headers */,
				B4F8600D1C60958F002B5D14 /* TDLDataSourceDelegate.h in Headers */,
				B450E7DC1C624AA800845EEA /* TDLTaskTitleField.h in Headers */,
			);
			runOnlyForDeploymentPostprocessing = 0;
		};
/* End PBXHeadersBuildPhase section */

/* Begin PBXNativeTarget section */
		057EDCDC1C2A9E0B001EEEC0 /* To-Do List App UI */ = {
			isa = PBXNativeTarget;
			buildConfigurationList = 057EDCEE1C2A9E0B001EEEC0 /* Build configuration list for PBXNativeTarget "To-Do List App UI" */;
			buildPhases = (
				057EDCD91C2A9E0B001EEEC0 /* Sources */,
				057EDCDA1C2A9E0B001EEEC0 /* Frameworks */,
				057EDCDB1C2A9E0B001EEEC0 /* Resources */,
			);
			buildRules = (
			);
			dependencies = (
			);
			name = "To-Do List App UI";
			productName = "To-Do List App UI";
			productReference = 057EDCDD1C2A9E0B001EEEC0 /* To-Do List App UI.app */;
			productType = "com.apple.product-type.application";
		};
		B4032A6D1C5E85E000AA82EF /* PopupToDoGUI */ = {
			isa = PBXNativeTarget;
			buildConfigurationList = B4032A831C5E85E100AA82EF /* Build configuration list for PBXNativeTarget "PopupToDoGUI" */;
			buildPhases = (
				B4032A691C5E85E000AA82EF /* Sources */,
				B4032A6A1C5E85E000AA82EF /* Frameworks */,
				B4032A6B1C5E85E000AA82EF /* Headers */,
				B4032A6C1C5E85E000AA82EF /* Resources */,
			);
			buildRules = (
			);
			dependencies = (
			);
			name = PopupToDoGUI;
			productName = PopupToDoGUI;
			productReference = B4032A6E1C5E85E000AA82EF /* PopupToDoGUI.framework */;
			productType = "com.apple.product-type.framework";
		};
		B4032A761C5E85E000AA82EF /* PopupToDoGUITests */ = {
			isa = PBXNativeTarget;
			buildConfigurationList = B4032A841C5E85E100AA82EF /* Build configuration list for PBXNativeTarget "PopupToDoGUITests" */;
			buildPhases = (
				B4032A731C5E85E000AA82EF /* Sources */,
				B4032A741C5E85E000AA82EF /* Frameworks */,
				B4032A751C5E85E000AA82EF /* Resources */,
			);
			buildRules = (
			);
			dependencies = (
				B4032A7A1C5E85E000AA82EF /* PBXTargetDependency */,
			);
			name = PopupToDoGUITests;
			productName = PopupToDoGUITests;
			productReference = B4032A771C5E85E000AA82EF /* PopupToDoGUITests.xctest */;
			productType = "com.apple.product-type.bundle.unit-test";
		};
/* End PBXNativeTarget section */

/* Begin PBXProject section */
		057EDCD51C2A9E0B001EEEC0 /* Project object */ = {
			isa = PBXProject;
			attributes = {
				LastUpgradeCheck = 0700;
				ORGANIZATIONNAME = "Gussenov Lab";
				TargetAttributes = {
					057EDCDC1C2A9E0B001EEEC0 = {
						CreatedOnToolsVersion = 7.0;
						DevelopmentTeam = 64TBLB6GT9;
					};
					B4032A6D1C5E85E000AA82EF = {
						CreatedOnToolsVersion = 7.0;
					};
					B4032A761C5E85E000AA82EF = {
						CreatedOnToolsVersion = 7.0;
					};
				};
			};
			buildConfigurationList = 057EDCD81C2A9E0B001EEEC0 /* Build configuration list for PBXProject "To-Do List App UI" */;
			compatibilityVersion = "Xcode 3.2";
			developmentRegion = English;
			hasScannedForEncodings = 0;
			knownRegions = (
				en,
				Base,
			);
			mainGroup = 057EDCD41C2A9E0B001EEEC0;
			productRefGroup = 057EDCDE1C2A9E0B001EEEC0 /* Products */;
			projectDirPath = "";
			projectRoot = "";
			targets = (
				057EDCDC1C2A9E0B001EEEC0 /* To-Do List App UI */,
				B4032A6D1C5E85E000AA82EF /* PopupToDoGUI */,
				B4032A761C5E85E000AA82EF /* PopupToDoGUITests */,
			);
		};
/* End PBXProject section */

/* Begin PBXResourcesBuildPhase section */
		057EDCDB1C2A9E0B001EEEC0 /* Resources */ = {
			isa = PBXResourcesBuildPhase;
			buildActionMask = 2147483647;
			files = (
				057EDCE71C2A9E0B001EEEC0 /* Assets.xcassets in Resources */,
				057EDCEA1C2A9E0B001EEEC0 /* MainMenu.xib in Resources */,
			);
			runOnlyForDeploymentPostprocessing = 0;
		};
		B4032A6C1C5E85E000AA82EF /* Resources */ = {
			isa = PBXResourcesBuildPhase;
			buildActionMask = 2147483647;
			files = (
			);
			runOnlyForDeploymentPostprocessing = 0;
		};
		B4032A751C5E85E000AA82EF /* Resources */ = {
			isa = PBXResourcesBuildPhase;
			buildActionMask = 2147483647;
			files = (
			);
			runOnlyForDeploymentPostprocessing = 0;
		};
/* End PBXResourcesBuildPhase section */

/* Begin PBXSourcesBuildPhase section */
		057EDCD91C2A9E0B001EEEC0 /* Sources */ = {
			isa = PBXSourcesBuildPhase;
			buildActionMask = 2147483647;
			files = (
				052846F21C2C869D00273903 /* TDLTblCellView.m in Sources */,
				057EDD0C1C2B069B001EEEC0 /* TDLScrollView.m in Sources */,
				057EDD031C2AD086001EEEC0 /* TDLView.m in Sources */,
				057EDCE51C2A9E0B001EEEC0 /* main.m in Sources */,
				057EDD001C2AB9FE001EEEC0 /* TDLViewCtrl.m in Sources */,
				052846E91C2C79A700273903 /* TDLItem.m in Sources */,
				057EDD0F1C2B13F8001EEEC0 /* TDLTblRowView.m in Sources */,
				057EDD091C2B04E5001EEEC0 /* TDLOutlineView.m in Sources */,
				B49394DE1C5CAAB000362692 /* TDLBtnNew.m in Sources */,
				057EDD121C2B1F74001EEEC0 /* TDLWinCtrl.m in Sources */,
				057EDCE21C2A9E0B001EEEC0 /* AppDelegate.m in Sources */,
				B450E7DA1C6249BC00845EEA /* TDLTaskTitleField.m in Sources */,
				052846EF1C2C84DE00273903 /* TDLOutlineViewDelegate.m in Sources */,
				052846EC1C2C7A2C00273903 /* TDLDataSource.m in Sources */,
			);
			runOnlyForDeploymentPostprocessing = 0;
		};
		B4032A691C5E85E000AA82EF /* Sources */ = {
			isa = PBXSourcesBuildPhase;
			buildActionMask = 2147483647;
			files = (
				B450E7DB1C624A9D00845EEA /* TDLTaskTitleField.m in Sources */,
				B4032AB81C5E887300AA82EF /* TDLViewCtrl.m in Sources */,
				B4032AB91C5E887300AA82EF /* TDLView.m in Sources */,
				B4032ABA1C5E887300AA82EF /* TDLOutlineView.m in Sources */,
				B4032ABB1C5E887300AA82EF /* TDLScrollView.m in Sources */,
				B4032ABC1C5E887300AA82EF /* TDLTblRowView.m in Sources */,
				B4032ABD1C5E887300AA82EF /* TDLWinCtrl.m in Sources */,
				B4032ABE1C5E887300AA82EF /* TDLItem.m in Sources */,
				B4032ABF1C5E887300AA82EF /* TDLDataSource.m in Sources */,
				B4032AC01C5E887300AA82EF /* TDLOutlineViewDelegate.m in Sources */,
				B4032AC11C5E887300AA82EF /* TDLTblCellView.m in Sources */,
				B4032AC21C5E887300AA82EF /* TDLBtnNew.m in Sources */,
			);
			runOnlyForDeploymentPostprocessing = 0;
		};
		B4032A731C5E85E000AA82EF /* Sources */ = {
			isa = PBXSourcesBuildPhase;
			buildActionMask = 2147483647;
			files = (
				B4032A7D1C5E85E000AA82EF /* PopupToDoGUITests.m in Sources */,
			);
			runOnlyForDeploymentPostprocessing = 0;
		};
/* End PBXSourcesBuildPhase section */

/* Begin PBXTargetDependency section */
		B4032A7A1C5E85E000AA82EF /* PBXTargetDependency */ = {
			isa = PBXTargetDependency;
			target = B4032A6D1C5E85E000AA82EF /* PopupToDoGUI */;
			targetProxy = B4032A791C5E85E000AA82EF /* PBXContainerItemProxy */;
		};
/* End PBXTargetDependency section */

/* Begin PBXVariantGroup section */
		057EDCE81C2A9E0B001EEEC0 /* MainMenu.xib */ = {
			isa = PBXVariantGroup;
			children = (
				057EDCE91C2A9E0B001EEEC0 /* Base */,
			);
			name = MainMenu.xib;
			sourceTree = "<group>";
		};
/* End PBXVariantGroup section */

/* Begin XCBuildConfiguration section */
		057EDCEC1C2A9E0B001EEEC0 /* Debug */ = {
			isa = XCBuildConfiguration;
			buildSettings = {
				ALWAYS_SEARCH_USER_PATHS = NO;
				CLANG_CXX_LANGUAGE_STANDARD = "gnu++0x";
				CLANG_CXX_LIBRARY = "libc++";
				CLANG_ENABLE_MODULES = YES;
				CLANG_ENABLE_OBJC_ARC = YES;
				CLANG_WARN_BOOL_CONVERSION = YES;
				CLANG_WARN_CONSTANT_CONVERSION = YES;
				CLANG_WARN_DIRECT_OBJC_ISA_USAGE = YES_ERROR;
				CLANG_WARN_EMPTY_BODY = YES;
				CLANG_WARN_ENUM_CONVERSION = YES;
				CLANG_WARN_INT_CONVERSION = YES;
				CLANG_WARN_OBJC_ROOT_CLASS = YES_ERROR;
				CLANG_WARN_UNREACHABLE_CODE = YES;
				CLANG_WARN__DUPLICATE_METHOD_MATCH = YES;
				CODE_SIGN_IDENTITY = "Mac Developer: gussenov@me.com (JR3NB6K2HZ)";
				COPY_PHASE_STRIP = NO;
				DEBUG_INFORMATION_FORMAT = dwarf;
				ENABLE_STRICT_OBJC_MSGSEND = YES;
				ENABLE_TESTABILITY = YES;
				GCC_C_LANGUAGE_STANDARD = gnu99;
				GCC_DYNAMIC_NO_PIC = NO;
				GCC_NO_COMMON_BLOCKS = YES;
				GCC_OPTIMIZATION_LEVEL = 0;
				GCC_PREPROCESSOR_DEFINITIONS = (
					"DEBUG=1",
					"$(inherited)",
				);
				GCC_WARN_64_TO_32_BIT_CONVERSION = YES;
				GCC_WARN_ABOUT_RETURN_TYPE = YES_ERROR;
				GCC_WARN_UNDECLARED_SELECTOR = YES;
				GCC_WARN_UNINITIALIZED_AUTOS = YES_AGGRESSIVE;
				GCC_WARN_UNUSED_FUNCTION = YES;
				GCC_WARN_UNUSED_VARIABLE = YES;
				MACOSX_DEPLOYMENT_TARGET = 10.10;
				MTL_ENABLE_DEBUG_INFO = YES;
				ONLY_ACTIVE_ARCH = YES;
				SDKROOT = macosx;
			};
			name = Debug;
		};
		057EDCED1C2A9E0B001EEEC0 /* Release */ = {
			isa = XCBuildConfiguration;
			buildSettings = {
				ALWAYS_SEARCH_USER_PATHS = NO;
				CLANG_CXX_LANGUAGE_STANDARD = "gnu++0x";
				CLANG_CXX_LIBRARY = "libc++";
				CLANG_ENABLE_MODULES = YES;
				CLANG_ENABLE_OBJC_ARC = YES;
				CLANG_WARN_BOOL_CONVERSION = YES;
				CLANG_WARN_CONSTANT_CONVERSION = YES;
				CLANG_WARN_DIRECT_OBJC_ISA_USAGE = YES_ERROR;
				CLANG_WARN_EMPTY_BODY = YES;
				CLANG_WARN_ENUM_CONVERSION = YES;
				CLANG_WARN_INT_CONVERSION = YES;
				CLANG_WARN_OBJC_ROOT_CLASS = YES_ERROR;
				CLANG_WARN_UNREACHABLE_CODE = YES;
				CLANG_WARN__DUPLICATE_METHOD_MATCH = YES;
				CODE_SIGN_IDENTITY = "Mac Developer: gussenov@me.com (JR3NB6K2HZ)";
				COPY_PHASE_STRIP = NO;
				DEBUG_INFORMATION_FORMAT = "dwarf-with-dsym";
				ENABLE_NS_ASSERTIONS = NO;
				ENABLE_STRICT_OBJC_MSGSEND = YES;
				GCC_C_LANGUAGE_STANDARD = gnu99;
				GCC_NO_COMMON_BLOCKS = YES;
				GCC_WARN_64_TO_32_BIT_CONVERSION = YES;
				GCC_WARN_ABOUT_RETURN_TYPE = YES_ERROR;
				GCC_WARN_UNDECLARED_SELECTOR = YES;
				GCC_WARN_UNINITIALIZED_AUTOS = YES_AGGRESSIVE;
				GCC_WARN_UNUSED_FUNCTION = YES;
				GCC_WARN_UNUSED_VARIABLE = YES;
				MACOSX_DEPLOYMENT_TARGET = 10.10;
				MTL_ENABLE_DEBUG_INFO = NO;
				SDKROOT = macosx;
			};
			name = Release;
		};
		057EDCEF1C2A9E0B001EEEC0 /* Debug */ = {
			isa = XCBuildConfiguration;
			buildSettings = {
				ASSETCATALOG_COMPILER_APPICON_NAME = AppIcon;
				CODE_SIGN_IDENTITY = "Mac Developer";
				"CODE_SIGN_IDENTITY[sdk=macosx*]" = "Mac Developer";
				COMBINE_HIDPI_IMAGES = YES;
				INFOPLIST_FILE = "To-Do List App UI/Info.plist";
				LD_RUNPATH_SEARCH_PATHS = "$(inherited) @executable_path/../Frameworks";
				PRODUCT_BUNDLE_IDENTIFIER = "com.gussenov.To-Do-List-App-UI";
				PRODUCT_NAME = "$(TARGET_NAME)";
				PROVISIONING_PROFILE = "";
			};
			name = Debug;
		};
		057EDCF01C2A9E0B001EEEC0 /* Release */ = {
			isa = XCBuildConfiguration;
			buildSettings = {
				ASSETCATALOG_COMPILER_APPICON_NAME = AppIcon;
				CODE_SIGN_IDENTITY = "Mac Developer";
				"CODE_SIGN_IDENTITY[sdk=macosx*]" = "Mac Developer";
				COMBINE_HIDPI_IMAGES = YES;
				INFOPLIST_FILE = "To-Do List App UI/Info.plist";
				LD_RUNPATH_SEARCH_PATHS = "$(inherited) @executable_path/../Frameworks";
				PRODUCT_BUNDLE_IDENTIFIER = "com.gussenov.To-Do-List-App-UI";
				PRODUCT_NAME = "$(TARGET_NAME)";
				PROVISIONING_PROFILE = "";
			};
			name = Release;
		};
		B4032A7F1C5E85E100AA82EF /* Debug */ = {
			isa = XCBuildConfiguration;
			buildSettings = {
				COMBINE_HIDPI_IMAGES = YES;
				CURRENT_PROJECT_VERSION = 1;
				DEFINES_MODULE = YES;
				DYLIB_COMPATIBILITY_VERSION = 1;
				DYLIB_CURRENT_VERSION = 1;
				DYLIB_INSTALL_NAME_BASE = "@rpath";
				FRAMEWORK_VERSION = A;
				INFOPLIST_FILE = PopupToDoGUI/Info.plist;
				INSTALL_PATH = "$(LOCAL_LIBRARY_DIR)/Frameworks";
				LD_RUNPATH_SEARCH_PATHS = "$(inherited) @executable_path/../Frameworks @loader_path/Frameworks";
				PRODUCT_BUNDLE_IDENTIFIER = com.gussenov.PopupToDoGUI;
				PRODUCT_NAME = "$(TARGET_NAME)";
				SKIP_INSTALL = YES;
				VERSIONING_SYSTEM = "apple-generic";
				VERSION_INFO_PREFIX = "";
			};
			name = Debug;
		};
		B4032A801C5E85E100AA82EF /* Release */ = {
			isa = XCBuildConfiguration;
			buildSettings = {
				COMBINE_HIDPI_IMAGES = YES;
				CURRENT_PROJECT_VERSION = 1;
				DEFINES_MODULE = YES;
				DYLIB_COMPATIBILITY_VERSION = 1;
				DYLIB_CURRENT_VERSION = 1;
				DYLIB_INSTALL_NAME_BASE = "@rpath";
				FRAMEWORK_VERSION = A;
				INFOPLIST_FILE = PopupToDoGUI/Info.plist;
				INSTALL_PATH = "$(LOCAL_LIBRARY_DIR)/Frameworks";
				LD_RUNPATH_SEARCH_PATHS = "$(inherited) @executable_path/../Frameworks @loader_path/Frameworks";
				PRODUCT_BUNDLE_IDENTIFIER = com.gussenov.PopupToDoGUI;
				PRODUCT_NAME = "$(TARGET_NAME)";
				SKIP_INSTALL = YES;
				VERSIONING_SYSTEM = "apple-generic";
				VERSION_INFO_PREFIX = "";
			};
			name = Release;
		};
		B4032A811C5E85E100AA82EF /* Debug */ = {
			isa = XCBuildConfiguration;
			buildSettings = {
				COMBINE_HIDPI_IMAGES = YES;
				INFOPLIST_FILE = PopupToDoGUITests/Info.plist;
				LD_RUNPATH_SEARCH_PATHS = "$(inherited) @executable_path/../Frameworks @loader_path/../Frameworks";
				PRODUCT_BUNDLE_IDENTIFIER = com.gussenov.PopupToDoGUITests;
				PRODUCT_NAME = "$(TARGET_NAME)";
			};
			name = Debug;
		};
		B4032A821C5E85E100AA82EF /* Release */ = {
			isa = XCBuildConfiguration;
			buildSettings = {
				COMBINE_HIDPI_IMAGES = YES;
				INFOPLIST_FILE = PopupToDoGUITests/Info.plist;
				LD_RUNPATH_SEARCH_PATHS = "$(inherited) @executable_path/../Frameworks @loader_path/../Frameworks";
				PRODUCT_BUNDLE_IDENTIFIER = com.gussenov.PopupToDoGUITests;
				PRODUCT_NAME = "$(TARGET_NAME)";
			};
			name = Release;
		};
/* End XCBuildConfiguration section */

/* Begin XCConfigurationList section */
		057EDCD81C2A9E0B001EEEC0 /* Build configuration list for PBXProject "To-Do List App UI" */ = {
			isa = XCConfigurationList;
			buildConfigurations = (
				057EDCEC1C2A9E0B001EEEC0 /* Debug */,
				057EDCED1C2A9E0B001EEEC0 /* Release */,
			);
			defaultConfigurationIsVisible = 0;
			defaultConfigurationName = Release;
		};
		057EDCEE1C2A9E0B001EEEC0 /* Build configuration list for PBXNativeTarget "To-Do List App UI" */ = {
			isa = XCConfigurationList;
			buildConfigurations = (
				057EDCEF1C2A9E0B001EEEC0 /* Debug */,
				057EDCF01C2A9E0B001EEEC0 /* Release */,
			);
			defaultConfigurationIsVisible = 0;
			defaultConfigurationName = Release;
		};
		B4032A831C5E85E100AA82EF /* Build configuration list for PBXNativeTarget "PopupToDoGUI" */ = {
			isa = XCConfigurationList;
			buildConfigurations = (
				B4032A7F1C5E85E100AA82EF /* Debug */,
				B4032A801C5E85E100AA82EF /* Release */,
			);
			defaultConfigurationIsVisible = 0;
			defaultConfigurationName = Release;
		};
		B4032A841C5E85E100AA82EF /* Build configuration list for PBXNativeTarget "PopupToDoGUITests" */ = {
			isa = XCConfigurationList;
			buildConfigurations = (
				B4032A811C5E85E100AA82EF /* Debug */,
				B4032A821C5E85E100AA82EF /* Release */,
			);
			defaultConfigurationIsVisible = 0;
			defaultConfigurationName = Release;
		};
/* End XCConfigurationList section */
	};
	rootObject = 057EDCD51C2A9E0B001EEEC0 /* Project object */;
}
