// !$*UTF8*$!
{
	archiveVersion = 1;
	classes = {
	};
	objectVersion = 46;
	objects = {

/* Begin PBXBuildFile section */
		052846E91C2C79A700273903 /* TDLItem.m in Sources */ = {isa = PBXBuildFile; fileRef = 052846E81C2C79A700273903 /* TDLItem.m */; };
		052846EC1C2C7A2C00273903 /* TDLDataSource.m in Sources */ = {isa = PBXBuildFile; fileRef = 052846EB1C2C7A2C00273903 /* TDLDataSource.m */; };
		052846EF1C2C84DE00273903 /* TDLOutlineViewDelegate.m in Sources */ = {isa = PBXBuildFile; fileRef = 052846EE1C2C84DE00273903 /* TDLOutlineViewDelegate.m */; };
		052846F21C2C869D00273903 /* TDLTblCellView.m in Sources */ = {isa = PBXBuildFile; fileRef = 052846F11C2C869D00273903 /* TDLTblCellView.m */; };
		057EDCE21C2A9E0B001EEEC0 /* AppDelegate.m in Sources */ = {isa = PBXBuildFile; fileRef = 057EDCE11C2A9E0B001EEEC0 /* AppDelegate.m */; };
		057EDCE51C2A9E0B001EEEC0 /* main.m in Sources */ = {isa = PBXBuildFile; fileRef = 057EDCE41C2A9E0B001EEEC0 /* main.m */; };
		057EDCE71C2A9E0B001EEEC0 /* Assets.xcassets in Resources */ = {isa = PBXBuildFile; fileRef = 057EDCE61C2A9E0B001EEEC0 /* Assets.xcassets */; };
		057EDCEA1C2A9E0B001EEEC0 /* MainMenu.xib in Resources */ = {isa = PBXBuildFile; fileRef = 057EDCE81C2A9E0B001EEEC0 /* MainMenu.xib */; };
		057EDD001C2AB9FE001EEEC0 /* TDLViewCtrl.m in Sources */ = {isa = PBXBuildFile; fileRef = 057EDCFF1C2AB9FE001EEEC0 /* TDLViewCtrl.m */; };
		057EDD031C2AD086001EEEC0 /* TDLView.m in Sources */ = {isa = PBXBuildFile; fileRef = 057EDD021C2AD086001EEEC0 /* TDLView.m */; };
		057EDD091C2B04E5001EEEC0 /* TDLOutlineView.m in Sources */ = {isa = PBXBuildFile; fileRef = 057EDD081C2B04E5001EEEC0 /* TDLOutlineView.m */; };
		057EDD0C1C2B069B001EEEC0 /* TDLScrollView.m in Sources */ = {isa = PBXBuildFile; fileRef = 057EDD0B1C2B069B001EEEC0 /* TDLScrollView.m */; };
		057EDD0F1C2B13F8001EEEC0 /* TDLTblRowView.m in Sources */ = {isa = PBXBuildFile; fileRef = 057EDD0E1C2B13F8001EEEC0 /* TDLTblRowView.m */; };
		057EDD121C2B1F74001EEEC0 /* TDLWinCtrl.m in Sources */ = {isa = PBXBuildFile; fileRef = 057EDD111C2B1F74001EEEC0 /* TDLWinCtrl.m */; };
		B4EB22B41C5AB2D700554FD6 /* TDLTaskTxtField.m in Sources */ = {isa = PBXBuildFile; fileRef = B4EB22B31C5AB2D700554FD6 /* TDLTaskTxtField.m */; };
/* End PBXBuildFile section */

/* Begin PBXFileReference section */
		052846E71C2C79A700273903 /* TDLItem.h */ = {isa = PBXFileReference; fileEncoding = 4; lastKnownFileType = sourcecode.c.h; name = TDLItem.h; path = Classes/TDLItem.h; sourceTree = "<group>"; };
		052846E81C2C79A700273903 /* TDLItem.m */ = {isa = PBXFileReference; fileEncoding = 4; lastKnownFileType = sourcecode.c.objc; name = TDLItem.m; path = Classes/TDLItem.m; sourceTree = "<group>"; };
		052846EA1C2C7A2C00273903 /* TDLDataSource.h */ = {isa = PBXFileReference; fileEncoding = 4; lastKnownFileType = sourcecode.c.h; name = TDLDataSource.h; path = Classes/TDLDataSource.h; sourceTree = "<group>"; };
		052846EB1C2C7A2C00273903 /* TDLDataSource.m */ = {isa = PBXFileReference; fileEncoding = 4; lastKnownFileType = sourcecode.c.objc; name = TDLDataSource.m; path = Classes/TDLDataSource.m; sourceTree = "<group>"; };
		052846ED1C2C84DE00273903 /* TDLOutlineViewDelegate.h */ = {isa = PBXFileReference; fileEncoding = 4; lastKnownFileType = sourcecode.c.h; name = TDLOutlineViewDelegate.h; path = Classes/TDLOutlineViewDelegate.h; sourceTree = "<group>"; };
		052846EE1C2C84DE00273903 /* TDLOutlineViewDelegate.m */ = {isa = PBXFileReference; fileEncoding = 4; lastKnownFileType = sourcecode.c.objc; name = TDLOutlineViewDelegate.m; path = Classes/TDLOutlineViewDelegate.m; sourceTree = "<group>"; };
		052846F01C2C869D00273903 /* TDLTblCellView.h */ = {isa = PBXFileReference; fileEncoding = 4; lastKnownFileType = sourcecode.c.h; name = TDLTblCellView.h; path = Classes/TDLTblCellView.h; sourceTree = "<group>"; };
		052846F11C2C869D00273903 /* TDLTblCellView.m */ = {isa = PBXFileReference; fileEncoding = 4; lastKnownFileType = sourcecode.c.objc; name = TDLTblCellView.m; path = Classes/TDLTblCellView.m; sourceTree = "<group>"; };
		057EDCDD1C2A9E0B001EEEC0 /* To-Do List App UI.app */ = {isa = PBXFileReference; explicitFileType = wrapper.application; includeInIndex = 0; path = "To-Do List App UI.app"; sourceTree = BUILT_PRODUCTS_DIR; };
		057EDCE01C2A9E0B001EEEC0 /* AppDelegate.h */ = {isa = PBXFileReference; lastKnownFileType = sourcecode.c.h; path = AppDelegate.h; sourceTree = "<group>"; };
		057EDCE11C2A9E0B001EEEC0 /* AppDelegate.m */ = {isa = PBXFileReference; lastKnownFileType = sourcecode.c.objc; path = AppDelegate.m; sourceTree = "<group>"; };
		057EDCE41C2A9E0B001EEEC0 /* main.m */ = {isa = PBXFileReference; lastKnownFileType = sourcecode.c.objc; path = main.m; sourceTree = "<group>"; };
		057EDCE61C2A9E0B001EEEC0 /* Assets.xcassets */ = {isa = PBXFileReference; lastKnownFileType = folder.assetcatalog; path = Assets.xcassets; sourceTree = "<group>"; };
		057EDCE91C2A9E0B001EEEC0 /* Base */ = {isa = PBXFileReference; lastKnownFileType = file.xib; name = Base; path = Base.lproj/MainMenu.xib; sourceTree = "<group>"; };
		057EDCEB1C2A9E0B001EEEC0 /* Info.plist */ = {isa = PBXFileReference; lastKnownFileType = text.plist.xml; path = Info.plist; sourceTree = "<group>"; };
		057EDCFE1C2AB9FE001EEEC0 /* TDLViewCtrl.h */ = {isa = PBXFileReference; fileEncoding = 4; lastKnownFileType = sourcecode.c.h; name = TDLViewCtrl.h; path = Classes/TDLViewCtrl.h; sourceTree = "<group>"; };
		057EDCFF1C2AB9FE001EEEC0 /* TDLViewCtrl.m */ = {isa = PBXFileReference; fileEncoding = 4; lastKnownFileType = sourcecode.c.objc; name = TDLViewCtrl.m; path = Classes/TDLViewCtrl.m; sourceTree = "<group>"; };
		057EDD011C2AD086001EEEC0 /* TDLView.h */ = {isa = PBXFileReference; fileEncoding = 4; lastKnownFileType = sourcecode.c.h; name = TDLView.h; path = Classes/TDLView.h; sourceTree = "<group>"; };
		057EDD021C2AD086001EEEC0 /* TDLView.m */ = {isa = PBXFileReference; fileEncoding = 4; lastKnownFileType = sourcecode.c.objc; name = TDLView.m; path = Classes/TDLView.m; sourceTree = "<group>"; };
		057EDD071C2B04E5001EEEC0 /* TDLOutlineView.h */ = {isa = PBXFileReference; fileEncoding = 4; lastKnownFileType = sourcecode.c.h; name = TDLOutlineView.h; path = Classes/TDLOutlineView.h; sourceTree = "<group>"; };
		057EDD081C2B04E5001EEEC0 /* TDLOutlineView.m */ = {isa = PBXFileReference; fileEncoding = 4; lastKnownFileType = sourcecode.c.objc; name = TDLOutlineView.m; path = Classes/TDLOutlineView.m; sourceTree = "<group>"; };
		057EDD0A1C2B069B001EEEC0 /* TDLScrollView.h */ = {isa = PBXFileReference; fileEncoding = 4; lastKnownFileType = sourcecode.c.h; name = TDLScrollView.h; path = Classes/TDLScrollView.h; sourceTree = "<group>"; };
		057EDD0B1C2B069B001EEEC0 /* TDLScrollView.m */ = {isa = PBXFileReference; fileEncoding = 4; lastKnownFileType = sourcecode.c.objc; name = TDLScrollView.m; path = Classes/TDLScrollView.m; sourceTree = "<group>"; };
		057EDD0D1C2B13F8001EEEC0 /* TDLTblRowView.h */ = {isa = PBXFileReference; fileEncoding = 4; lastKnownFileType = sourcecode.c.h; name = TDLTblRowView.h; path = Classes/TDLTblRowView.h; sourceTree = "<group>"; };
		057EDD0E1C2B13F8001EEEC0 /* TDLTblRowView.m */ = {isa = PBXFileReference; fileEncoding = 4; lastKnownFileType = sourcecode.c.objc; name = TDLTblRowView.m; path = Classes/TDLTblRowView.m; sourceTree = "<group>"; };
		057EDD101C2B1F74001EEEC0 /* TDLWinCtrl.h */ = {isa = PBXFileReference; fileEncoding = 4; lastKnownFileType = sourcecode.c.h; name = TDLWinCtrl.h; path = Classes/TDLWinCtrl.h; sourceTree = "<group>"; };
		057EDD111C2B1F74001EEEC0 /* TDLWinCtrl.m */ = {isa = PBXFileReference; fileEncoding = 4; lastKnownFileType = sourcecode.c.objc; name = TDLWinCtrl.m; path = Classes/TDLWinCtrl.m; sourceTree = "<group>"; };
		B4EB22B21C5AB2D700554FD6 /* TDLTaskTxtField.h */ = {isa = PBXFileReference; fileEncoding = 4; lastKnownFileType = sourcecode.c.h; name = TDLTaskTxtField.h; path = Classes/TDLTaskTxtField.h; sourceTree = "<group>"; };
		B4EB22B31C5AB2D700554FD6 /* TDLTaskTxtField.m */ = {isa = PBXFileReference; fileEncoding = 4; lastKnownFileType = sourcecode.c.objc; name = TDLTaskTxtField.m; path = Classes/TDLTaskTxtField.m; sourceTree = "<group>"; };
/* End PBXFileReference section */

/* Begin PBXFrameworksBuildPhase section */
		057EDCDA1C2A9E0B001EEEC0 /* Frameworks */ = {
			isa = PBXFrameworksBuildPhase;
			buildActionMask = 2147483647;
			files = (
			);
			runOnlyForDeploymentPostprocessing = 0;
		};
/* End PBXFrameworksBuildPhase section */

/* Begin PBXGroup section */
		057EDCD41C2A9E0B001EEEC0 = {
			isa = PBXGroup;
			children = (
				057EDCDF1C2A9E0B001EEEC0 /* To-Do List App UI */,
				057EDCDE1C2A9E0B001EEEC0 /* Products */,
			);
			sourceTree = "<group>";
		};
		057EDCDE1C2A9E0B001EEEC0 /* Products */ = {
			isa = PBXGroup;
			children = (
				057EDCDD1C2A9E0B001EEEC0 /* To-Do List App UI.app */,
			);
			name = Products;
			sourceTree = "<group>";
		};
		057EDCDF1C2A9E0B001EEEC0 /* To-Do List App UI */ = {
			isa = PBXGroup;
			children = (
				057EDCF11C2AB5A9001EEEC0 /* Classes */,
				057EDCE01C2A9E0B001EEEC0 /* AppDelegate.h */,
				057EDCE11C2A9E0B001EEEC0 /* AppDelegate.m */,
				057EDCE61C2A9E0B001EEEC0 /* Assets.xcassets */,
				057EDCE81C2A9E0B001EEEC0 /* MainMenu.xib */,
				057EDCEB1C2A9E0B001EEEC0 /* Info.plist */,
				057EDCE31C2A9E0B001EEEC0 /* Supporting Files */,
			);
			path = "To-Do List App UI";
			sourceTree = "<group>";
		};
		057EDCE31C2A9E0B001EEEC0 /* Supporting Files */ = {
			isa = PBXGroup;
			children = (
				057EDCE41C2A9E0B001EEEC0 /* main.m */,
			);
			name = "Supporting Files";
			sourceTree = "<group>";
		};
		057EDCF11C2AB5A9001EEEC0 /* Classes */ = {
			isa = PBXGroup;
			children = (
				057EDCFE1C2AB9FE001EEEC0 /* TDLViewCtrl.h */,
				057EDCFF1C2AB9FE001EEEC0 /* TDLViewCtrl.m */,
				057EDD011C2AD086001EEEC0 /* TDLView.h */,
				057EDD021C2AD086001EEEC0 /* TDLView.m */,
				057EDD071C2B04E5001EEEC0 /* TDLOutlineView.h */,
				057EDD081C2B04E5001EEEC0 /* TDLOutlineView.m */,
				057EDD0A1C2B069B001EEEC0 /* TDLScrollView.h */,
				057EDD0B1C2B069B001EEEC0 /* TDLScrollView.m */,
				057EDD0D1C2B13F8001EEEC0 /* TDLTblRowView.h */,
				057EDD0E1C2B13F8001EEEC0 /* TDLTblRowView.m */,
				057EDD101C2B1F74001EEEC0 /* TDLWinCtrl.h */,
				057EDD111C2B1F74001EEEC0 /* TDLWinCtrl.m */,
				052846E71C2C79A700273903 /* TDLItem.h */,
				052846E81C2C79A700273903 /* TDLItem.m */,
				052846EA1C2C7A2C00273903 /* TDLDataSource.h */,
				052846EB1C2C7A2C00273903 /* TDLDataSource.m */,
				052846ED1C2C84DE00273903 /* TDLOutlineViewDelegate.h */,
				052846EE1C2C84DE00273903 /* TDLOutlineViewDelegate.m */,
				052846F01C2C869D00273903 /* TDLTblCellView.h */,
				052846F11C2C869D00273903 /* TDLTblCellView.m */,
				B4EB22B21C5AB2D700554FD6 /* TDLTaskTxtField.h */,
				B4EB22B31C5AB2D700554FD6 /* TDLTaskTxtField.m */,
			);
			name = Classes;
			sourceTree = "<group>";
		};
/* End PBXGroup section */

/* Begin PBXNativeTarget section */
		057EDCDC1C2A9E0B001EEEC0 /* To-Do List App UI */ = {
			isa = PBXNativeTarget;
			buildConfigurationList = 057EDCEE1C2A9E0B001EEEC0 /* Build configuration list for PBXNativeTarget "To-Do List App UI" */;
			buildPhases = (
				057EDCD91C2A9E0B001EEEC0 /* Sources */,
				057EDCDA1C2A9E0B001EEEC0 /* Frameworks */,
				057EDCDB1C2A9E0B001EEEC0 /* Resources */,
			);
			buildRules = (
			);
			dependencies = (
			);
			name = "To-Do List App UI";
			productName = "To-Do List App UI";
			productReference = 057EDCDD1C2A9E0B001EEEC0 /* To-Do List App UI.app */;
			productType = "com.apple.product-type.application";
		};
/* End PBXNativeTarget section */

/* Begin PBXProject section */
		057EDCD51C2A9E0B001EEEC0 /* Project object */ = {
			isa = PBXProject;
			attributes = {
				LastUpgradeCheck = 0700;
				ORGANIZATIONNAME = Gussenov;
				TargetAttributes = {
					057EDCDC1C2A9E0B001EEEC0 = {
						CreatedOnToolsVersion = 7.0;
						DevelopmentTeam = 64TBLB6GT9;
					};
				};
			};
			buildConfigurationList = 057EDCD81C2A9E0B001EEEC0 /* Build configuration list for PBXProject "To-Do List App UI" */;
			compatibilityVersion = "Xcode 3.2";
			developmentRegion = English;
			hasScannedForEncodings = 0;
			knownRegions = (
				en,
				Base,
			);
			mainGroup = 057EDCD41C2A9E0B001EEEC0;
			productRefGroup = 057EDCDE1C2A9E0B001EEEC0 /* Products */;
			projectDirPath = "";
			projectRoot = "";
			targets = (
				057EDCDC1C2A9E0B001EEEC0 /* To-Do List App UI */,
			);
		};
/* End PBXProject section */

/* Begin PBXResourcesBuildPhase section */
		057EDCDB1C2A9E0B001EEEC0 /* Resources */ = {
			isa = PBXResourcesBuildPhase;
			buildActionMask = 2147483647;
			files = (
				057EDCE71C2A9E0B001EEEC0 /* Assets.xcassets in Resources */,
				057EDCEA1C2A9E0B001EEEC0 /* MainMenu.xib in Resources */,
			);
			runOnlyForDeploymentPostprocessing = 0;
		};
/* End PBXResourcesBuildPhase section */

/* Begin PBXSourcesBuildPhase section */
		057EDCD91C2A9E0B001EEEC0 /* Sources */ = {
			isa = PBXSourcesBuildPhase;
			buildActionMask = 2147483647;
			files = (
				052846F21C2C869D00273903 /* TDLTblCellView.m in Sources */,
				057EDD0C1C2B069B001EEEC0 /* TDLScrollView.m in Sources */,
				057EDD031C2AD086001EEEC0 /* TDLView.m in Sources */,
				057EDCE51C2A9E0B001EEEC0 /* main.m in Sources */,
				057EDD001C2AB9FE001EEEC0 /* TDLViewCtrl.m in Sources */,
				052846E91C2C79A700273903 /* TDLItem.m in Sources */,
				057EDD0F1C2B13F8001EEEC0 /* TDLTblRowView.m in Sources */,
				057EDD091C2B04E5001EEEC0 /* TDLOutlineView.m in Sources */,
				057EDD121C2B1F74001EEEC0 /* TDLWinCtrl.m in Sources */,
				057EDCE21C2A9E0B001EEEC0 /* AppDelegate.m in Sources */,
				052846EF1C2C84DE00273903 /* TDLOutlineViewDelegate.m in Sources */,
				B4EB22B41C5AB2D700554FD6 /* TDLTaskTxtField.m in Sources */,
				052846EC1C2C7A2C00273903 /* TDLDataSource.m in Sources */,
			);
			runOnlyForDeploymentPostprocessing = 0;
		};
/* End PBXSourcesBuildPhase section */

/* Begin PBXVariantGroup section */
		057EDCE81C2A9E0B001EEEC0 /* MainMenu.xib */ = {
			isa = PBXVariantGroup;
			children = (
				057EDCE91C2A9E0B001EEEC0 /* Base */,
			);
			name = MainMenu.xib;
			sourceTree = "<group>";
		};
/* End PBXVariantGroup section */

/* Begin XCBuildConfiguration section */
		057EDCEC1C2A9E0B001EEEC0 /* Debug */ = {
			isa = XCBuildConfiguration;
			buildSettings = {
				ALWAYS_SEARCH_USER_PATHS = NO;
				CLANG_CXX_LANGUAGE_STANDARD = "gnu++0x";
				CLANG_CXX_LIBRARY = "libc++";
				CLANG_ENABLE_MODULES = YES;
				CLANG_ENABLE_OBJC_ARC = YES;
				CLANG_WARN_BOOL_CONVERSION = YES;
				CLANG_WARN_CONSTANT_CONVERSION = YES;
				CLANG_WARN_DIRECT_OBJC_ISA_USAGE = YES_ERROR;
				CLANG_WARN_EMPTY_BODY = YES;
				CLANG_WARN_ENUM_CONVERSION = YES;
				CLANG_WARN_INT_CONVERSION = YES;
				CLANG_WARN_OBJC_ROOT_CLASS = YES_ERROR;
				CLANG_WARN_UNREACHABLE_CODE = YES;
				CLANG_WARN__DUPLICATE_METHOD_MATCH = YES;
				CODE_SIGN_IDENTITY = "Mac Developer: gussenov@me.com (JR3NB6K2HZ)";
				COPY_PHASE_STRIP = NO;
				DEBUG_INFORMATION_FORMAT = dwarf;
				ENABLE_STRICT_OBJC_MSGSEND = YES;
				ENABLE_TESTABILITY = YES;
				GCC_C_LANGUAGE_STANDARD = gnu99;
				GCC_DYNAMIC_NO_PIC = NO;
				GCC_NO_COMMON_BLOCKS = YES;
				GCC_OPTIMIZATION_LEVEL = 0;
				GCC_PREPROCESSOR_DEFINITIONS = (
					"DEBUG=1",
					"$(inherited)",
				);
				GCC_WARN_64_TO_32_BIT_CONVERSION = YES;
				GCC_WARN_ABOUT_RETURN_TYPE = YES_ERROR;
				GCC_WARN_UNDECLARED_SELECTOR = YES;
				GCC_WARN_UNINITIALIZED_AUTOS = YES_AGGRESSIVE;
				GCC_WARN_UNUSED_FUNCTION = YES;
				GCC_WARN_UNUSED_VARIABLE = YES;
				MACOSX_DEPLOYMENT_TARGET = 10.10;
				MTL_ENABLE_DEBUG_INFO = YES;
				ONLY_ACTIVE_ARCH = YES;
				SDKROOT = macosx;
			};
			name = Debug;
		};
		057EDCED1C2A9E0B001EEEC0 /* Release */ = {
			isa = XCBuildConfiguration;
			buildSettings = {
				ALWAYS_SEARCH_USER_PATHS = NO;
				CLANG_CXX_LANGUAGE_STANDARD = "gnu++0x";
				CLANG_CXX_LIBRARY = "libc++";
				CLANG_ENABLE_MODULES = YES;
				CLANG_ENABLE_OBJC_ARC = YES;
				CLANG_WARN_BOOL_CONVERSION = YES;
				CLANG_WARN_CONSTANT_CONVERSION = YES;
				CLANG_WARN_DIRECT_OBJC_ISA_USAGE = YES_ERROR;
				CLANG_WARN_EMPTY_BODY = YES;
				CLANG_WARN_ENUM_CONVERSION = YES;
				CLANG_WARN_INT_CONVERSION = YES;
				CLANG_WARN_OBJC_ROOT_CLASS = YES_ERROR;
				CLANG_WARN_UNREACHABLE_CODE = YES;
				CLANG_WARN__DUPLICATE_METHOD_MATCH = YES;
				CODE_SIGN_IDENTITY = "Mac Developer: gussenov@me.com (JR3NB6K2HZ)";
				COPY_PHASE_STRIP = NO;
				DEBUG_INFORMATION_FORMAT = "dwarf-with-dsym";
				ENABLE_NS_ASSERTIONS = NO;
				ENABLE_STRICT_OBJC_MSGSEND = YES;
				GCC_C_LANGUAGE_STANDARD = gnu99;
				GCC_NO_COMMON_BLOCKS = YES;
				GCC_WARN_64_TO_32_BIT_CONVERSION = YES;
				GCC_WARN_ABOUT_RETURN_TYPE = YES_ERROR;
				GCC_WARN_UNDECLARED_SELECTOR = YES;
				GCC_WARN_UNINITIALIZED_AUTOS = YES_AGGRESSIVE;
				GCC_WARN_UNUSED_FUNCTION = YES;
				GCC_WARN_UNUSED_VARIABLE = YES;
				MACOSX_DEPLOYMENT_TARGET = 10.10;
				MTL_ENABLE_DEBUG_INFO = NO;
				SDKROOT = macosx;
			};
			name = Release;
		};
		057EDCEF1C2A9E0B001EEEC0 /* Debug */ = {
			isa = XCBuildConfiguration;
			buildSettings = {
				ASSETCATALOG_COMPILER_APPICON_NAME = AppIcon;
				CODE_SIGN_IDENTITY = "Mac Developer";
				"CODE_SIGN_IDENTITY[sdk=macosx*]" = "Mac Developer";
				COMBINE_HIDPI_IMAGES = YES;
				INFOPLIST_FILE = "To-Do List App UI/Info.plist";
				LD_RUNPATH_SEARCH_PATHS = "$(inherited) @executable_path/../Frameworks";
				PRODUCT_BUNDLE_IDENTIFIER = "com.gussenov.To-Do-List-App-UI";
				PRODUCT_NAME = "$(TARGET_NAME)";
				PROVISIONING_PROFILE = "";
			};
			name = Debug;
		};
		057EDCF01C2A9E0B001EEEC0 /* Release */ = {
			isa = XCBuildConfiguration;
			buildSettings = {
				ASSETCATALOG_COMPILER_APPICON_NAME = AppIcon;
				CODE_SIGN_IDENTITY = "Mac Developer";
				"CODE_SIGN_IDENTITY[sdk=macosx*]" = "Mac Developer";
				COMBINE_HIDPI_IMAGES = YES;
				INFOPLIST_FILE = "To-Do List App UI/Info.plist";
				LD_RUNPATH_SEARCH_PATHS = "$(inherited) @executable_path/../Frameworks";
				PRODUCT_BUNDLE_IDENTIFIER = "com.gussenov.To-Do-List-App-UI";
				PRODUCT_NAME = "$(TARGET_NAME)";
				PROVISIONING_PROFILE = "";
			};
			name = Release;
		};
/* End XCBuildConfiguration section */

/* Begin XCConfigurationList section */
		057EDCD81C2A9E0B001EEEC0 /* Build configuration list for PBXProject "To-Do List App UI" */ = {
			isa = XCConfigurationList;
			buildConfigurations = (
				057EDCEC1C2A9E0B001EEEC0 /* Debug */,
				057EDCED1C2A9E0B001EEEC0 /* Release */,
			);
			defaultConfigurationIsVisible = 0;
			defaultConfigurationName = Release;
		};
		057EDCEE1C2A9E0B001EEEC0 /* Build configuration list for PBXNativeTarget "To-Do List App UI" */ = {
			isa = XCConfigurationList;
			buildConfigurations = (
				057EDCEF1C2A9E0B001EEEC0 /* Debug */,
				057EDCF01C2A9E0B001EEEC0 /* Release */,
			);
			defaultConfigurationIsVisible = 0;
			defaultConfigurationName = Release;
		};
/* End XCConfigurationList section */
	};
	rootObject = 057EDCD51C2A9E0B001EEEC0 /* Project object */;
}
