// !$*UTF8*$!
{
	archiveVersion = 1;
	classes = {
	};
	objectVersion = 46;
	objects = {

/* Begin PBXBuildFile section */
		051747F21C1235400091E2E8 /* AppDelegate.m in Sources */ = {isa = PBXBuildFile; fileRef = 051747F11C1235400091E2E8 /* AppDelegate.m */; };
		051747F51C1235400091E2E8 /* main.m in Sources */ = {isa = PBXBuildFile; fileRef = 051747F41C1235400091E2E8 /* main.m */; };
		051747FB1C1235400091E2E8 /* To_Do_List_App.xcdatamodeld in Sources */ = {isa = PBXBuildFile; fileRef = 051747F91C1235400091E2E8 /* To_Do_List_App.xcdatamodeld */; };
		051747FD1C1235400091E2E8 /* Assets.xcassets in Resources */ = {isa = PBXBuildFile; fileRef = 051747FC1C1235400091E2E8 /* Assets.xcassets */; };
		0517480B1C1235400091E2E8 /* To_Do_List_AppTests.m in Sources */ = {isa = PBXBuildFile; fileRef = 0517480A1C1235400091E2E8 /* To_Do_List_AppTests.m */; };
		051748161C1235410091E2E8 /* To_Do_List_AppUITests.m in Sources */ = {isa = PBXBuildFile; fileRef = 051748151C1235410091E2E8 /* To_Do_List_AppUITests.m */; };
		B4032AAD1C5E870100AA82EF /* PopupToDoGUI.framework in Frameworks */ = {isa = PBXBuildFile; fileRef = B4032AAA1C5E86F800AA82EF /* PopupToDoGUI.framework */; };
		B48B94571C5FE6710006026C /* DAO.m in Sources */ = {isa = PBXBuildFile; fileRef = B48B94561C5FE6710006026C /* DAO.m */; };
		B498F32E1C4EC75B00C57344 /* Main.storyboard in Resources */ = {isa = PBXBuildFile; fileRef = B498F32C1C4EC75B00C57344 /* Main.storyboard */; };
		B4CF503C1C5E83D7000D728C /* PopupStatusBar.framework in Frameworks */ = {isa = PBXBuildFile; fileRef = B4CF50391C5E837D000D728C /* PopupStatusBar.framework */; };
		B4F860251C60D466002B5D14 /* Task.m in Sources */ = {isa = PBXBuildFile; fileRef = B4F860241C60D466002B5D14 /* Task.m */; };
/* End PBXBuildFile section */

/* Begin PBXContainerItemProxy section */
		051748071C1235400091E2E8 /* PBXContainerItemProxy */ = {
			isa = PBXContainerItemProxy;
			containerPortal = 051747E51C1235400091E2E8 /* Project object */;
			proxyType = 1;
			remoteGlobalIDString = 051747EC1C1235400091E2E8;
			remoteInfo = "To-Do List App";
		};
		051748121C1235410091E2E8 /* PBXContainerItemProxy */ = {
			isa = PBXContainerItemProxy;
			containerPortal = 051747E51C1235400091E2E8 /* Project object */;
			proxyType = 1;
			remoteGlobalIDString = 051747EC1C1235400091E2E8;
			remoteInfo = "To-Do List App";
		};
		B4032AA71C5E86F800AA82EF /* PBXContainerItemProxy */ = {
			isa = PBXContainerItemProxy;
			containerPortal = B4032A9D1C5E86F800AA82EF /* To-Do List App UI.xcodeproj */;
			proxyType = 2;
			remoteGlobalIDString = 057EDCDD1C2A9E0B001EEEC0;
			remoteInfo = "To-Do List App UI";
		};
		B4032AA91C5E86F800AA82EF /* PBXContainerItemProxy */ = {
			isa = PBXContainerItemProxy;
			containerPortal = B4032A9D1C5E86F800AA82EF /* To-Do List App UI.xcodeproj */;
			proxyType = 2;
			remoteGlobalIDString = B4032A6E1C5E85E000AA82EF;
			remoteInfo = PopupToDoGUI;
		};
		B4032AAB1C5E86F800AA82EF /* PBXContainerItemProxy */ = {
			isa = PBXContainerItemProxy;
			containerPortal = B4032A9D1C5E86F800AA82EF /* To-Do List App UI.xcodeproj */;
			proxyType = 2;
			remoteGlobalIDString = B4032A771C5E85E000AA82EF;
			remoteInfo = PopupToDoGUITests;
		};
		B4032AAE1C5E871000AA82EF /* PBXContainerItemProxy */ = {
			isa = PBXContainerItemProxy;
			containerPortal = B4032A9D1C5E86F800AA82EF /* To-Do List App UI.xcodeproj */;
			proxyType = 1;
			remoteGlobalIDString = B4032A6D1C5E85E000AA82EF;
			remoteInfo = PopupToDoGUI;
		};
		B4CF50321C5E837D000D728C /* PBXContainerItemProxy */ = {
			isa = PBXContainerItemProxy;
			containerPortal = B4CF502A1C5E837D000D728C /* PopupInStatusBar.xcodeproj */;
			proxyType = 2;
			remoteGlobalIDString = 050024511C1238BB005E8313;
			remoteInfo = PopupInStatusBar;
		};
		B4CF50341C5E837D000D728C /* PBXContainerItemProxy */ = {
			isa = PBXContainerItemProxy;
			containerPortal = B4CF502A1C5E837D000D728C /* PopupInStatusBar.xcodeproj */;
			proxyType = 2;
			remoteGlobalIDString = 050024671C1238BC005E8313;
			remoteInfo = PopupInStatusBarTests;
		};
		B4CF50361C5E837D000D728C /* PBXContainerItemProxy */ = {
			isa = PBXContainerItemProxy;
			containerPortal = B4CF502A1C5E837D000D728C /* PopupInStatusBar.xcodeproj */;
			proxyType = 2;
			remoteGlobalIDString = 050024721C1238BC005E8313;
			remoteInfo = PopupInStatusBarUITests;
		};
		B4CF50381C5E837D000D728C /* PBXContainerItemProxy */ = {
			isa = PBXContainerItemProxy;
			containerPortal = B4CF502A1C5E837D000D728C /* PopupInStatusBar.xcodeproj */;
			proxyType = 2;
			remoteGlobalIDString = B41035751C5E82B7003D9225;
			remoteInfo = PopupStatusBar;
		};
		B4CF503A1C5E837D000D728C /* PBXContainerItemProxy */ = {
			isa = PBXContainerItemProxy;
			containerPortal = B4CF502A1C5E837D000D728C /* PopupInStatusBar.xcodeproj */;
			proxyType = 2;
			remoteGlobalIDString = B410357E1C5E82B7003D9225;
			remoteInfo = PopupStatusBarTests;
		};
		B4CF503D1C5E843D000D728C /* PBXContainerItemProxy */ = {
			isa = PBXContainerItemProxy;
			containerPortal = B4CF502A1C5E837D000D728C /* PopupInStatusBar.xcodeproj */;
			proxyType = 1;
			remoteGlobalIDString = B41035741C5E82B7003D9225;
			remoteInfo = PopupStatusBar;
		};
/* End PBXContainerItemProxy section */

/* Begin PBXFileReference section */
		051747ED1C1235400091E2E8 /* To-Do List App.app */ = {isa = PBXFileReference; explicitFileType = wrapper.application; includeInIndex = 0; path = "To-Do List App.app"; sourceTree = BUILT_PRODUCTS_DIR; };
		051747F01C1235400091E2E8 /* AppDelegate.h */ = {isa = PBXFileReference; lastKnownFileType = sourcecode.c.h; path = AppDelegate.h; sourceTree = "<group>"; };
		051747F11C1235400091E2E8 /* AppDelegate.m */ = {isa = PBXFileReference; lastKnownFileType = sourcecode.c.objc; path = AppDelegate.m; sourceTree = "<group>"; };
		051747F41C1235400091E2E8 /* main.m */ = {isa = PBXFileReference; lastKnownFileType = sourcecode.c.objc; path = main.m; sourceTree = "<group>"; };
		051747FA1C1235400091E2E8 /* To_Do_List_App.xcdatamodel */ = {isa = PBXFileReference; lastKnownFileType = wrapper.xcdatamodel; path = To_Do_List_App.xcdatamodel; sourceTree = "<group>"; };
		051747FC1C1235400091E2E8 /* Assets.xcassets */ = {isa = PBXFileReference; lastKnownFileType = folder.assetcatalog; path = Assets.xcassets; sourceTree = "<group>"; };
		051748011C1235400091E2E8 /* Info.plist */ = {isa = PBXFileReference; lastKnownFileType = text.plist.xml; path = Info.plist; sourceTree = "<group>"; };
		051748061C1235400091E2E8 /* To-Do List AppTests.xctest */ = {isa = PBXFileReference; explicitFileType = wrapper.cfbundle; includeInIndex = 0; path = "To-Do List AppTests.xctest"; sourceTree = BUILT_PRODUCTS_DIR; };
		0517480A1C1235400091E2E8 /* To_Do_List_AppTests.m */ = {isa = PBXFileReference; lastKnownFileType = sourcecode.c.objc; path = To_Do_List_AppTests.m; sourceTree = "<group>"; };
		0517480C1C1235400091E2E8 /* Info.plist */ = {isa = PBXFileReference; lastKnownFileType = text.plist.xml; path = Info.plist; sourceTree = "<group>"; };
		051748111C1235410091E2E8 /* To-Do List AppUITests.xctest */ = {isa = PBXFileReference; explicitFileType = wrapper.cfbundle; includeInIndex = 0; path = "To-Do List AppUITests.xctest"; sourceTree = BUILT_PRODUCTS_DIR; };
		051748151C1235410091E2E8 /* To_Do_List_AppUITests.m */ = {isa = PBXFileReference; lastKnownFileType = sourcecode.c.objc; path = To_Do_List_AppUITests.m; sourceTree = "<group>"; };
		051748171C1235410091E2E8 /* Info.plist */ = {isa = PBXFileReference; lastKnownFileType = text.plist.xml; path = Info.plist; sourceTree = "<group>"; };
		B4032A9D1C5E86F800AA82EF /* To-Do List App UI.xcodeproj */ = {isa = PBXFileReference; lastKnownFileType = "wrapper.pb-project"; name = "To-Do List App UI.xcodeproj"; path = "Subprojects/To-Do List App UI/To-Do List App UI.xcodeproj"; sourceTree = "<group>"; };
		B48B94551C5FE6710006026C /* DAO.h */ = {isa = PBXFileReference; fileEncoding = 4; lastKnownFileType = sourcecode.c.h; name = DAO.h; path = Model/DAO.h; sourceTree = "<group>"; };
		B48B94561C5FE6710006026C /* DAO.m */ = {isa = PBXFileReference; fileEncoding = 4; lastKnownFileType = sourcecode.c.objc; name = DAO.m; path = Model/DAO.m; sourceTree = "<group>"; };
		B498F32D1C4EC75B00C57344 /* Base */ = {isa = PBXFileReference; lastKnownFileType = file.storyboard; name = Base; path = Base.lproj/Main.storyboard; sourceTree = "<group>"; };
		B4CF502A1C5E837D000D728C /* PopupInStatusBar.xcodeproj */ = {isa = PBXFileReference; lastKnownFileType = "wrapper.pb-project"; name = PopupInStatusBar.xcodeproj; path = Subprojects/PopupInStatusBar/PopupInStatusBar.xcodeproj; sourceTree = "<group>"; };
		B4F860221C60D466002B5D14 /* Task+CoreDataProperties.h */ = {isa = PBXFileReference; fileEncoding = 4; lastKnownFileType = sourcecode.c.h; name = "Task+CoreDataProperties.h"; path = "Model/Task+CoreDataProperties.h"; sourceTree = "<group>"; };
		B4F860231C60D466002B5D14 /* Task.h */ = {isa = PBXFileReference; fileEncoding = 4; lastKnownFileType = sourcecode.c.h; name = Task.h; path = Model/Task.h; sourceTree = "<group>"; };
		B4F860241C60D466002B5D14 /* Task.m */ = {isa = PBXFileReference; fileEncoding = 4; lastKnownFileType = sourcecode.c.objc; name = Task.m; path = Model/Task.m; sourceTree = "<group>"; };
/* End PBXFileReference section */

/* Begin PBXFrameworksBuildPhase section */
		051747EA1C1235400091E2E8 /* Frameworks */ = {
			isa = PBXFrameworksBuildPhase;
			buildActionMask = 2147483647;
			files = (
				B4032AAD1C5E870100AA82EF /* PopupToDoGUI.framework in Frameworks */,
				B4CF503C1C5E83D7000D728C /* PopupStatusBar.framework in Frameworks */,
			);
			runOnlyForDeploymentPostprocessing = 0;
		};
		051748031C1235400091E2E8 /* Frameworks */ = {
			isa = PBXFrameworksBuildPhase;
			buildActionMask = 2147483647;
			files = (
			);
			runOnlyForDeploymentPostprocessing = 0;
		};
		0517480E1C1235410091E2E8 /* Frameworks */ = {
			isa = PBXFrameworksBuildPhase;
			buildActionMask = 2147483647;
			files = (
			);
			runOnlyForDeploymentPostprocessing = 0;
		};
/* End PBXFrameworksBuildPhase section */

/* Begin PBXGroup section */
		051747E41C1235400091E2E8 = {
			isa = PBXGroup;
			children = (
				B4C296441C5E80670039DA41 /* Subprojects */,
				051747EF1C1235400091E2E8 /* To-Do List App */,
				051748091C1235400091E2E8 /* To-Do List AppTests */,
				051748141C1235410091E2E8 /* To-Do List AppUITests */,
				051747EE1C1235400091E2E8 /* Products */,
			);
			sourceTree = "<group>";
		};
		051747EE1C1235400091E2E8 /* Products */ = {
			isa = PBXGroup;
			children = (
				051747ED1C1235400091E2E8 /* To-Do List App.app */,
				051748061C1235400091E2E8 /* To-Do List AppTests.xctest */,
				051748111C1235410091E2E8 /* To-Do List AppUITests.xctest */,
			);
			name = Products;
			sourceTree = "<group>";
		};
		051747EF1C1235400091E2E8 /* To-Do List App */ = {
			isa = PBXGroup;
			children = (
				051747F01C1235400091E2E8 /* AppDelegate.h */,
				051747F11C1235400091E2E8 /* AppDelegate.m */,
				051747FC1C1235400091E2E8 /* Assets.xcassets */,
				051748011C1235400091E2E8 /* Info.plist */,
				B4C6B0691C5FDE69006C7E33 /* Model */,
				B498F32C1C4EC75B00C57344 /* Main.storyboard */,
				051747F31C1235400091E2E8 /* Supporting Files */,
			);
			path = "To-Do List App";
			sourceTree = "<group>";
		};
		051747F31C1235400091E2E8 /* Supporting Files */ = {
			isa = PBXGroup;
			children = (
				051747F41C1235400091E2E8 /* main.m */,
			);
			name = "Supporting Files";
			sourceTree = "<group>";
		};
		051748091C1235400091E2E8 /* To-Do List AppTests */ = {
			isa = PBXGroup;
			children = (
				0517480A1C1235400091E2E8 /* To_Do_List_AppTests.m */,
				0517480C1C1235400091E2E8 /* Info.plist */,
			);
			path = "To-Do List AppTests";
			sourceTree = "<group>";
		};
		051748141C1235410091E2E8 /* To-Do List AppUITests */ = {
			isa = PBXGroup;
			children = (
				051748151C1235410091E2E8 /* To_Do_List_AppUITests.m */,
				051748171C1235410091E2E8 /* Info.plist */,
			);
			path = "To-Do List AppUITests";
			sourceTree = "<group>";
		};
		B4032A9E1C5E86F800AA82EF /* Products */ = {
			isa = PBXGroup;
			children = (
				B4032AA81C5E86F800AA82EF /* To-Do List App UI.app */,
				B4032AAA1C5E86F800AA82EF /* PopupToDoGUI.framework */,
				B4032AAC1C5E86F800AA82EF /* PopupToDoGUITests.xctest */,
			);
			name = Products;
			sourceTree = "<group>";
		};
		B4C296441C5E80670039DA41 /* Subprojects */ = {
			isa = PBXGroup;
			children = (
				B4032A9D1C5E86F800AA82EF /* To-Do List App UI.xcodeproj */,
				B4CF502A1C5E837D000D728C /* PopupInStatusBar.xcodeproj */,
			);
			name = Subprojects;
			sourceTree = "<group>";
		};
		B4C6B0691C5FDE69006C7E33 /* Model */ = {
			isa = PBXGroup;
			children = (
				051747F91C1235400091E2E8 /* To_Do_List_App.xcdatamodeld */,
				B48B94551C5FE6710006026C /* DAO.h */,
				B48B94561C5FE6710006026C /* DAO.m */,
				B4F860221C60D466002B5D14 /* Task+CoreDataProperties.h */,
				B4F860231C60D466002B5D14 /* Task.h */,
				B4F860241C60D466002B5D14 /* Task.m */,
			);
			name = Model;
			sourceTree = "<group>";
		};
		B4CF502B1C5E837D000D728C /* Products */ = {
			isa = PBXGroup;
			children = (
				B4CF50331C5E837D000D728C /* PopupInStatusBar.app */,
				B4CF50351C5E837D000D728C /* PopupInStatusBarTests.xctest */,
				B4CF50371C5E837D000D728C /* PopupInStatusBarUITests.xctest */,
				B4CF50391C5E837D000D728C /* PopupStatusBar.framework */,
				B4CF503B1C5E837D000D728C /* PopupStatusBarTests.xctest */,
			);
			name = Products;
			sourceTree = "<group>";
		};
/* End PBXGroup section */

/* Begin PBXNativeTarget section */
		051747EC1C1235400091E2E8 /* To-Do List App */ = {
			isa = PBXNativeTarget;
			buildConfigurationList = 0517481A1C1235410091E2E8 /* Build configuration list for PBXNativeTarget "To-Do List App" */;
			buildPhases = (
				051747E91C1235400091E2E8 /* Sources */,
				051747EA1C1235400091E2E8 /* Frameworks */,
				051747EB1C1235400091E2E8 /* Resources */,
			);
			buildRules = (
			);
			dependencies = (
				B4032AAF1C5E871000AA82EF /* PBXTargetDependency */,
				B4CF503E1C5E843D000D728C /* PBXTargetDependency */,
			);
			name = "To-Do List App";
			productName = "To-Do List App";
			productReference = 051747ED1C1235400091E2E8 /* To-Do List App.app */;
			productType = "com.apple.product-type.application";
		};
		051748051C1235400091E2E8 /* To-Do List AppTests */ = {
			isa = PBXNativeTarget;
			buildConfigurationList = 0517481D1C1235410091E2E8 /* Build configuration list for PBXNativeTarget "To-Do List AppTests" */;
			buildPhases = (
				051748021C1235400091E2E8 /* Sources */,
				051748031C1235400091E2E8 /* Frameworks */,
				051748041C1235400091E2E8 /* Resources */,
			);
			buildRules = (
			);
			dependencies = (
				051748081C1235400091E2E8 /* PBXTargetDependency */,
			);
			name = "To-Do List AppTests";
			productName = "To-Do List AppTests";
			productReference = 051748061C1235400091E2E8 /* To-Do List AppTests.xctest */;
			productType = "com.apple.product-type.bundle.unit-test";
		};
		051748101C1235410091E2E8 /* To-Do List AppUITests */ = {
			isa = PBXNativeTarget;
			buildConfigurationList = 051748201C1235410091E2E8 /* Build configuration list for PBXNativeTarget "To-Do List AppUITests" */;
			buildPhases = (
				0517480D1C1235410091E2E8 /* Sources */,
				0517480E1C1235410091E2E8 /* Frameworks */,
				0517480F1C1235410091E2E8 /* Resources */,
			);
			buildRules = (
			);
			dependencies = (
				051748131C1235410091E2E8 /* PBXTargetDependency */,
			);
			name = "To-Do List AppUITests";
			productName = "To-Do List AppUITests";
			productReference = 051748111C1235410091E2E8 /* To-Do List AppUITests.xctest */;
			productType = "com.apple.product-type.bundle.ui-testing";
		};
/* End PBXNativeTarget section */

/* Begin PBXProject section */
		051747E51C1235400091E2E8 /* Project object */ = {
			isa = PBXProject;
			attributes = {
				LastUpgradeCheck = 0700;
				ORGANIZATIONNAME = "Gussenov Lab";
				TargetAttributes = {
					051747EC1C1235400091E2E8 = {
						CreatedOnToolsVersion = 7.0;
					};
					051748051C1235400091E2E8 = {
						CreatedOnToolsVersion = 7.0;
						TestTargetID = 051747EC1C1235400091E2E8;
					};
					051748101C1235410091E2E8 = {
						CreatedOnToolsVersion = 7.0;
						TestTargetID = 051747EC1C1235400091E2E8;
					};
				};
			};
			buildConfigurationList = 051747E81C1235400091E2E8 /* Build configuration list for PBXProject "To-Do List App" */;
			compatibilityVersion = "Xcode 3.2";
			developmentRegion = English;
			hasScannedForEncodings = 0;
			knownRegions = (
				en,
				Base,
			);
			mainGroup = 051747E41C1235400091E2E8;
			productRefGroup = 051747EE1C1235400091E2E8 /* Products */;
			projectDirPath = "";
			projectReferences = (
				{
					ProductGroup = B4CF502B1C5E837D000D728C /* Products */;
					ProjectRef = B4CF502A1C5E837D000D728C /* PopupInStatusBar.xcodeproj */;
				},
				{
					ProductGroup = B4032A9E1C5E86F800AA82EF /* Products */;
					ProjectRef = B4032A9D1C5E86F800AA82EF /* To-Do List App UI.xcodeproj */;
				},
			);
			projectRoot = "";
			targets = (
				051747EC1C1235400091E2E8 /* To-Do List App */,
				051748051C1235400091E2E8 /* To-Do List AppTests */,
				051748101C1235410091E2E8 /* To-Do List AppUITests */,
			);
		};
/* End PBXProject section */

/* Begin PBXReferenceProxy section */
		B4032AA81C5E86F800AA82EF /* To-Do List App UI.app */ = {
			isa = PBXReferenceProxy;
			fileType = wrapper.application;
			path = "To-Do List App UI.app";
			remoteRef = B4032AA71C5E86F800AA82EF /* PBXContainerItemProxy */;
			sourceTree = BUILT_PRODUCTS_DIR;
		};
		B4032AAA1C5E86F800AA82EF /* PopupToDoGUI.framework */ = {
			isa = PBXReferenceProxy;
			fileType = wrapper.framework;
			path = PopupToDoGUI.framework;
			remoteRef = B4032AA91C5E86F800AA82EF /* PBXContainerItemProxy */;
			sourceTree = BUILT_PRODUCTS_DIR;
		};
		B4032AAC1C5E86F800AA82EF /* PopupToDoGUITests.xctest */ = {
			isa = PBXReferenceProxy;
			fileType = wrapper.cfbundle;
			path = PopupToDoGUITests.xctest;
			remoteRef = B4032AAB1C5E86F800AA82EF /* PBXContainerItemProxy */;
			sourceTree = BUILT_PRODUCTS_DIR;
		};
		B4CF50331C5E837D000D728C /* PopupInStatusBar.app */ = {
			isa = PBXReferenceProxy;
			fileType = wrapper.application;
			path = PopupInStatusBar.app;
			remoteRef = B4CF50321C5E837D000D728C /* PBXContainerItemProxy */;
			sourceTree = BUILT_PRODUCTS_DIR;
		};
		B4CF50351C5E837D000D728C /* PopupInStatusBarTests.xctest */ = {
			isa = PBXReferenceProxy;
			fileType = wrapper.cfbundle;
			path = PopupInStatusBarTests.xctest;
			remoteRef = B4CF50341C5E837D000D728C /* PBXContainerItemProxy */;
			sourceTree = BUILT_PRODUCTS_DIR;
		};
		B4CF50371C5E837D000D728C /* PopupInStatusBarUITests.xctest */ = {
			isa = PBXReferenceProxy;
			fileType = wrapper.cfbundle;
			path = PopupInStatusBarUITests.xctest;
			remoteRef = B4CF50361C5E837D000D728C /* PBXContainerItemProxy */;
			sourceTree = BUILT_PRODUCTS_DIR;
		};
		B4CF50391C5E837D000D728C /* PopupStatusBar.framework */ = {
			isa = PBXReferenceProxy;
			fileType = wrapper.framework;
			path = PopupStatusBar.framework;
			remoteRef = B4CF50381C5E837D000D728C /* PBXContainerItemProxy */;
			sourceTree = BUILT_PRODUCTS_DIR;
		};
		B4CF503B1C5E837D000D728C /* PopupStatusBarTests.xctest */ = {
			isa = PBXReferenceProxy;
			fileType = wrapper.cfbundle;
			path = PopupStatusBarTests.xctest;
			remoteRef = B4CF503A1C5E837D000D728C /* PBXContainerItemProxy */;
			sourceTree = BUILT_PRODUCTS_DIR;
		};
/* End PBXReferenceProxy section */

/* Begin PBXResourcesBuildPhase section */
		051747EB1C1235400091E2E8 /* Resources */ = {
			isa = PBXResourcesBuildPhase;
			buildActionMask = 2147483647;
			files = (
				051747FD1C1235400091E2E8 /* Assets.xcassets in Resources */,
				B498F32E1C4EC75B00C57344 /* Main.storyboard in Resources */,
			);
			runOnlyForDeploymentPostprocessing = 0;
		};
		051748041C1235400091E2E8 /* Resources */ = {
			isa = PBXResourcesBuildPhase;
			buildActionMask = 2147483647;
			files = (
			);
			runOnlyForDeploymentPostprocessing = 0;
		};
		0517480F1C1235410091E2E8 /* Resources */ = {
			isa = PBXResourcesBuildPhase;
			buildActionMask = 2147483647;
			files = (
			);
			runOnlyForDeploymentPostprocessing = 0;
		};
/* End PBXResourcesBuildPhase section */

/* Begin PBXSourcesBuildPhase section */
		051747E91C1235400091E2E8 /* Sources */ = {
			isa = PBXSourcesBuildPhase;
			buildActionMask = 2147483647;
			files = (
				B48B94571C5FE6710006026C /* DAO.m in Sources */,
				051747F51C1235400091E2E8 /* main.m in Sources */,
				051747F21C1235400091E2E8 /* AppDelegate.m in Sources */,
				051747FB1C1235400091E2E8 /* To_Do_List_App.xcdatamodeld in Sources */,
				B4F860251C60D466002B5D14 /* Task.m in Sources */,
			);
			runOnlyForDeploymentPostprocessing = 0;
		};
		051748021C1235400091E2E8 /* Sources */ = {
			isa = PBXSourcesBuildPhase;
			buildActionMask = 2147483647;
			files = (
				0517480B1C1235400091E2E8 /* To_Do_List_AppTests.m in Sources */,
			);
			runOnlyForDeploymentPostprocessing = 0;
		};
		0517480D1C1235410091E2E8 /* Sources */ = {
			isa = PBXSourcesBuildPhase;
			buildActionMask = 2147483647;
			files = (
				051748161C1235410091E2E8 /* To_Do_List_AppUITests.m in Sources */,
			);
			runOnlyForDeploymentPostprocessing = 0;
		};
/* End PBXSourcesBuildPhase section */

/* Begin PBXTargetDependency section */
		051748081C1235400091E2E8 /* PBXTargetDependency */ = {
			isa = PBXTargetDependency;
			target = 051747EC1C1235400091E2E8 /* To-Do List App */;
			targetProxy = 051748071C1235400091E2E8 /* PBXContainerItemProxy */;
		};
		051748131C1235410091E2E8 /* PBXTargetDependency */ = {
			isa = PBXTargetDependency;
			target = 051747EC1C1235400091E2E8 /* To-Do List App */;
			targetProxy = 051748121C1235410091E2E8 /* PBXContainerItemProxy */;
		};
		B4032AAF1C5E871000AA82EF /* PBXTargetDependency */ = {
			isa = PBXTargetDependency;
			name = PopupToDoGUI;
			targetProxy = B4032AAE1C5E871000AA82EF /* PBXContainerItemProxy */;
		};
		B4CF503E1C5E843D000D728C /* PBXTargetDependency */ = {
			isa = PBXTargetDependency;
			name = PopupStatusBar;
			targetProxy = B4CF503D1C5E843D000D728C /* PBXContainerItemProxy */;
		};
/* End PBXTargetDependency section */

/* Begin PBXVariantGroup section */
		B498F32C1C4EC75B00C57344 /* Main.storyboard */ = {
			isa = PBXVariantGroup;
			children = (
				B498F32D1C4EC75B00C57344 /* Base */,
			);
			name = Main.storyboard;
			sourceTree = "<group>";
		};
/* End PBXVariantGroup section */

/* Begin XCBuildConfiguration section */
		051748181C1235410091E2E8 /* Debug */ = {
			isa = XCBuildConfiguration;
			buildSettings = {
				ALWAYS_SEARCH_USER_PATHS = NO;
				CLANG_CXX_LANGUAGE_STANDARD = "gnu++0x";
				CLANG_CXX_LIBRARY = "libc++";
				CLANG_ENABLE_MODULES = YES;
				CLANG_ENABLE_OBJC_ARC = YES;
				CLANG_WARN_BOOL_CONVERSION = YES;
				CLANG_WARN_CONSTANT_CONVERSION = YES;
				CLANG_WARN_DIRECT_OBJC_ISA_USAGE = YES_ERROR;
				CLANG_WARN_EMPTY_BODY = YES;
				CLANG_WARN_ENUM_CONVERSION = YES;
				CLANG_WARN_INT_CONVERSION = YES;
				CLANG_WARN_OBJC_ROOT_CLASS = YES_ERROR;
				CLANG_WARN_UNREACHABLE_CODE = YES;
				CLANG_WARN__DUPLICATE_METHOD_MATCH = YES;
				CODE_SIGN_IDENTITY = "-";
				COPY_PHASE_STRIP = NO;
				DEBUG_INFORMATION_FORMAT = dwarf;
				ENABLE_STRICT_OBJC_MSGSEND = YES;
				ENABLE_TESTABILITY = YES;
				GCC_C_LANGUAGE_STANDARD = gnu99;
				GCC_DYNAMIC_NO_PIC = NO;
				GCC_NO_COMMON_BLOCKS = YES;
				GCC_OPTIMIZATION_LEVEL = 0;
				GCC_PREPROCESSOR_DEFINITIONS = (
					"DEBUG=1",
					"$(inherited)",
				);
				GCC_WARN_64_TO_32_BIT_CONVERSION = YES;
				GCC_WARN_ABOUT_RETURN_TYPE = YES_ERROR;
				GCC_WARN_UNDECLARED_SELECTOR = YES;
				GCC_WARN_UNINITIALIZED_AUTOS = YES_AGGRESSIVE;
				GCC_WARN_UNUSED_FUNCTION = YES;
				GCC_WARN_UNUSED_VARIABLE = YES;
				MACOSX_DEPLOYMENT_TARGET = 10.10;
				MTL_ENABLE_DEBUG_INFO = YES;
				ONLY_ACTIVE_ARCH = YES;
				SDKROOT = macosx;
			};
			name = Debug;
		};
		051748191C1235410091E2E8 /* Release */ = {
			isa = XCBuildConfiguration;
			buildSettings = {
				ALWAYS_SEARCH_USER_PATHS = NO;
				CLANG_CXX_LANGUAGE_STANDARD = "gnu++0x";
				CLANG_CXX_LIBRARY = "libc++";
				CLANG_ENABLE_MODULES = YES;
				CLANG_ENABLE_OBJC_ARC = YES;
				CLANG_WARN_BOOL_CONVERSION = YES;
				CLANG_WARN_CONSTANT_CONVERSION = YES;
				CLANG_WARN_DIRECT_OBJC_ISA_USAGE = YES_ERROR;
				CLANG_WARN_EMPTY_BODY = YES;
				CLANG_WARN_ENUM_CONVERSION = YES;
				CLANG_WARN_INT_CONVERSION = YES;
				CLANG_WARN_OBJC_ROOT_CLASS = YES_ERROR;
				CLANG_WARN_UNREACHABLE_CODE = YES;
				CLANG_WARN__DUPLICATE_METHOD_MATCH = YES;
				CODE_SIGN_IDENTITY = "-";
				COPY_PHASE_STRIP = NO;
				DEBUG_INFORMATION_FORMAT = "dwarf-with-dsym";
				ENABLE_NS_ASSERTIONS = NO;
				ENABLE_STRICT_OBJC_MSGSEND = YES;
				GCC_C_LANGUAGE_STANDARD = gnu99;
				GCC_NO_COMMON_BLOCKS = YES;
				GCC_WARN_64_TO_32_BIT_CONVERSION = YES;
				GCC_WARN_ABOUT_RETURN_TYPE = YES_ERROR;
				GCC_WARN_UNDECLARED_SELECTOR = YES;
				GCC_WARN_UNINITIALIZED_AUTOS = YES_AGGRESSIVE;
				GCC_WARN_UNUSED_FUNCTION = YES;
				GCC_WARN_UNUSED_VARIABLE = YES;
				MACOSX_DEPLOYMENT_TARGET = 10.10;
				MTL_ENABLE_DEBUG_INFO = NO;
				SDKROOT = macosx;
			};
			name = Release;
		};
		0517481B1C1235410091E2E8 /* Debug */ = {
			isa = XCBuildConfiguration;
			buildSettings = {
				ASSETCATALOG_COMPILER_APPICON_NAME = AppIcon;
				COMBINE_HIDPI_IMAGES = YES;
				INFOPLIST_FILE = "To-Do List App/Info.plist";
				LD_RUNPATH_SEARCH_PATHS = "$(inherited) @executable_path/../Frameworks";
				PRODUCT_BUNDLE_IDENTIFIER = "com.gussenov.To-Do-List-App";
				PRODUCT_NAME = "$(TARGET_NAME)";
			};
			name = Debug;
		};
		0517481C1C1235410091E2E8 /* Release */ = {
			isa = XCBuildConfiguration;
			buildSettings = {
				ASSETCATALOG_COMPILER_APPICON_NAME = AppIcon;
				COMBINE_HIDPI_IMAGES = YES;
				INFOPLIST_FILE = "To-Do List App/Info.plist";
				LD_RUNPATH_SEARCH_PATHS = "$(inherited) @executable_path/../Frameworks";
				PRODUCT_BUNDLE_IDENTIFIER = "com.gussenov.To-Do-List-App";
				PRODUCT_NAME = "$(TARGET_NAME)";
			};
			name = Release;
		};
		0517481E1C1235410091E2E8 /* Debug */ = {
			isa = XCBuildConfiguration;
			buildSettings = {
				BUNDLE_LOADER = "$(TEST_HOST)";
				COMBINE_HIDPI_IMAGES = YES;
				INFOPLIST_FILE = "To-Do List AppTests/Info.plist";
				LD_RUNPATH_SEARCH_PATHS = "$(inherited) @executable_path/../Frameworks @loader_path/../Frameworks";
				PRODUCT_BUNDLE_IDENTIFIER = "com.gussenov.To-Do-List-AppTests";
				PRODUCT_NAME = "$(TARGET_NAME)";
				TEST_HOST = "$(BUILT_PRODUCTS_DIR)/To-Do List App.app/Contents/MacOS/To-Do List App";
			};
			name = Debug;
		};
		0517481F1C1235410091E2E8 /* Release */ = {
			isa = XCBuildConfiguration;
			buildSettings = {
				BUNDLE_LOADER = "$(TEST_HOST)";
				COMBINE_HIDPI_IMAGES = YES;
				INFOPLIST_FILE = "To-Do List AppTests/Info.plist";
				LD_RUNPATH_SEARCH_PATHS = "$(inherited) @executable_path/../Frameworks @loader_path/../Frameworks";
				PRODUCT_BUNDLE_IDENTIFIER = "com.gussenov.To-Do-List-AppTests";
				PRODUCT_NAME = "$(TARGET_NAME)";
				TEST_HOST = "$(BUILT_PRODUCTS_DIR)/To-Do List App.app/Contents/MacOS/To-Do List App";
			};
			name = Release;
		};
		051748211C1235410091E2E8 /* Debug */ = {
			isa = XCBuildConfiguration;
			buildSettings = {
				COMBINE_HIDPI_IMAGES = YES;
				INFOPLIST_FILE = "To-Do List AppUITests/Info.plist";
				LD_RUNPATH_SEARCH_PATHS = "$(inherited) @executable_path/../Frameworks @loader_path/../Frameworks";
				PRODUCT_BUNDLE_IDENTIFIER = "com.gussenov.To-Do-List-AppUITests";
				PRODUCT_NAME = "$(TARGET_NAME)";
				TEST_TARGET_NAME = "To-Do List App";
				USES_XCTRUNNER = YES;
			};
			name = Debug;
		};
		051748221C1235410091E2E8 /* Release */ = {
			isa = XCBuildConfiguration;
			buildSettings = {
				COMBINE_HIDPI_IMAGES = YES;
				INFOPLIST_FILE = "To-Do List AppUITests/Info.plist";
				LD_RUNPATH_SEARCH_PATHS = "$(inherited) @executable_path/../Frameworks @loader_path/../Frameworks";
				PRODUCT_BUNDLE_IDENTIFIER = "com.gussenov.To-Do-List-AppUITests";
				PRODUCT_NAME = "$(TARGET_NAME)";
				TEST_TARGET_NAME = "To-Do List App";
				USES_XCTRUNNER = YES;
			};
			name = Release;
		};
/* End XCBuildConfiguration section */

/* Begin XCConfigurationList section */
		051747E81C1235400091E2E8 /* Build configuration list for PBXProject "To-Do List App" */ = {
			isa = XCConfigurationList;
			buildConfigurations = (
				051748181C1235410091E2E8 /* Debug */,
				051748191C1235410091E2E8 /* Release */,
			);
			defaultConfigurationIsVisible = 0;
			defaultConfigurationName = Release;
		};
		0517481A1C1235410091E2E8 /* Build configuration list for PBXNativeTarget "To-Do List App" */ = {
			isa = XCConfigurationList;
			buildConfigurations = (
				0517481B1C1235410091E2E8 /* Debug */,
				0517481C1C1235410091E2E8 /* Release */,
			);
			defaultConfigurationIsVisible = 0;
			defaultConfigurationName = Release;
		};
		0517481D1C1235410091E2E8 /* Build configuration list for PBXNativeTarget "To-Do List AppTests" */ = {
			isa = XCConfigurationList;
			buildConfigurations = (
				0517481E1C1235410091E2E8 /* Debug */,
				0517481F1C1235410091E2E8 /* Release */,
			);
			defaultConfigurationIsVisible = 0;
			defaultConfigurationName = Release;
		};
		051748201C1235410091E2E8 /* Build configuration list for PBXNativeTarget "To-Do List AppUITests" */ = {
			isa = XCConfigurationList;
			buildConfigurations = (
				051748211C1235410091E2E8 /* Debug */,
				051748221C1235410091E2E8 /* Release */,
			);
			defaultConfigurationIsVisible = 0;
			defaultConfigurationName = Release;
		};
/* End XCConfigurationList section */

/* Begin XCVersionGroup section */
		051747F91C1235400091E2E8 /* To_Do_List_App.xcdatamodeld */ = {
			isa = XCVersionGroup;
			children = (
				051747FA1C1235400091E2E8 /* To_Do_List_App.xcdatamodel */,
			);
			currentVersion = 051747FA1C1235400091E2E8 /* To_Do_List_App.xcdatamodel */;
			path = To_Do_List_App.xcdatamodeld;
			sourceTree = "<group>";
			versionGroupType = wrapper.xcdatamodel;
		};
/* End XCVersionGroup section */
	};
	rootObject = 051747E51C1235400091E2E8 /* Project object */;
}
