// !$*UTF8*$!
{
	archiveVersion = 1;
	classes = {
	};
	objectVersion = 46;
	objects = {

/* Begin PBXBuildFile section */
		051747F21C1235400091E2E8 /* AppDelegate.m in Sources */ = {isa = PBXBuildFile; fileRef = 051747F11C1235400091E2E8 /* AppDelegate.m */; };
		051747F51C1235400091E2E8 /* main.m in Sources */ = {isa = PBXBuildFile; fileRef = 051747F41C1235400091E2E8 /* main.m */; };
		051747FB1C1235400091E2E8 /* To_Do_List_App.xcdatamodeld in Sources */ = {isa = PBXBuildFile; fileRef = 051747F91C1235400091E2E8 /* To_Do_List_App.xcdatamodeld */; };
		051747FD1C1235400091E2E8 /* Assets.xcassets in Resources */ = {isa = PBXBuildFile; fileRef = 051747FC1C1235400091E2E8 /* Assets.xcassets */; };
		0517480B1C1235400091E2E8 /* To_Do_List_AppTests.m in Sources */ = {isa = PBXBuildFile; fileRef = 0517480A1C1235400091E2E8 /* To_Do_List_AppTests.m */; };
		051748161C1235410091E2E8 /* To_Do_List_AppUITests.m in Sources */ = {isa = PBXBuildFile; fileRef = 051748151C1235410091E2E8 /* To_Do_List_AppUITests.m */; };
		B483BEB91C5D420F00B2A9D4 /* TDLBtnNew.m in Sources */ = {isa = PBXBuildFile; fileRef = B483BEB81C5D420F00B2A9D4 /* TDLBtnNew.m */; };
		B48867D41C4ED757006D8E67 /* PSBBgView.m in Sources */ = {isa = PBXBuildFile; fileRef = B48867C51C4ED757006D8E67 /* PSBBgView.m */; };
		B48867D51C4ED757006D8E67 /* PSBMenuBarCtrl.m in Sources */ = {isa = PBXBuildFile; fileRef = B48867C71C4ED757006D8E67 /* PSBMenuBarCtrl.m */; };
		B48867D61C4ED757006D8E67 /* PSBPanel.m in Sources */ = {isa = PBXBuildFile; fileRef = B48867C91C4ED757006D8E67 /* PSBPanel.m */; };
		B48867D71C4ED757006D8E67 /* PSBPanelCtrl.m in Sources */ = {isa = PBXBuildFile; fileRef = B48867CB1C4ED757006D8E67 /* PSBPanelCtrl.m */; };
		B48867D81C4ED757006D8E67 /* PSBPopupInStatusBar.m in Sources */ = {isa = PBXBuildFile; fileRef = B48867CD1C4ED757006D8E67 /* PSBPopupInStatusBar.m */; };
		B48867D91C4ED757006D8E67 /* PSBSearchTxtView.m in Sources */ = {isa = PBXBuildFile; fileRef = B48867CF1C4ED757006D8E67 /* PSBSearchTxtView.m */; };
		B48867DA1C4ED757006D8E67 /* PSBSearchTxtWin.m in Sources */ = {isa = PBXBuildFile; fileRef = B48867D11C4ED757006D8E67 /* PSBSearchTxtWin.m */; };
		B48867DB1C4ED757006D8E67 /* PSBStatusItemView.m in Sources */ = {isa = PBXBuildFile; fileRef = B48867D31C4ED757006D8E67 /* PSBStatusItemView.m */; };
		B498F3181C4EAC9900C57344 /* TDLDataSource.m in Sources */ = {isa = PBXBuildFile; fileRef = B498F3051C4EAC9900C57344 /* TDLDataSource.m */; };
		B498F3191C4EAC9900C57344 /* TDLItem.m in Sources */ = {isa = PBXBuildFile; fileRef = B498F3071C4EAC9900C57344 /* TDLItem.m */; };
		B498F31A1C4EAC9900C57344 /* TDLOutlineView.m in Sources */ = {isa = PBXBuildFile; fileRef = B498F3091C4EAC9900C57344 /* TDLOutlineView.m */; };
		B498F31B1C4EAC9900C57344 /* TDLOutlineViewDelegate.m in Sources */ = {isa = PBXBuildFile; fileRef = B498F30B1C4EAC9900C57344 /* TDLOutlineViewDelegate.m */; };
		B498F31C1C4EAC9900C57344 /* TDLScrollView.m in Sources */ = {isa = PBXBuildFile; fileRef = B498F30D1C4EAC9900C57344 /* TDLScrollView.m */; };
		B498F31D1C4EAC9900C57344 /* TDLTblCellView.m in Sources */ = {isa = PBXBuildFile; fileRef = B498F30F1C4EAC9900C57344 /* TDLTblCellView.m */; };
		B498F31E1C4EAC9900C57344 /* TDLTblRowView.m in Sources */ = {isa = PBXBuildFile; fileRef = B498F3111C4EAC9900C57344 /* TDLTblRowView.m */; };
		B498F31F1C4EAC9900C57344 /* TDLView.m in Sources */ = {isa = PBXBuildFile; fileRef = B498F3131C4EAC9900C57344 /* TDLView.m */; };
		B498F3201C4EAC9900C57344 /* TDLViewCtrl.m in Sources */ = {isa = PBXBuildFile; fileRef = B498F3151C4EAC9900C57344 /* TDLViewCtrl.m */; };
		B498F3211C4EAC9900C57344 /* TDLWinCtrl.m in Sources */ = {isa = PBXBuildFile; fileRef = B498F3171C4EAC9900C57344 /* TDLWinCtrl.m */; };
		B498F3251C4EBFCB00C57344 /* Utils.m in Sources */ = {isa = PBXBuildFile; fileRef = B498F3241C4EBFCB00C57344 /* Utils.m */; };
		B498F32E1C4EC75B00C57344 /* Main.storyboard in Resources */ = {isa = PBXBuildFile; fileRef = B498F32C1C4EC75B00C57344 /* Main.storyboard */; };
/* End PBXBuildFile section */

/* Begin PBXContainerItemProxy section */
		051748071C1235400091E2E8 /* PBXContainerItemProxy */ = {
			isa = PBXContainerItemProxy;
			containerPortal = 051747E51C1235400091E2E8 /* Project object */;
			proxyType = 1;
			remoteGlobalIDString = 051747EC1C1235400091E2E8;
			remoteInfo = "To-Do List App";
		};
		051748121C1235410091E2E8 /* PBXContainerItemProxy */ = {
			isa = PBXContainerItemProxy;
			containerPortal = 051747E51C1235400091E2E8 /* Project object */;
			proxyType = 1;
			remoteGlobalIDString = 051747EC1C1235400091E2E8;
			remoteInfo = "To-Do List App";
		};
/* End PBXContainerItemProxy section */

/* Begin PBXFileReference section */
		051747ED1C1235400091E2E8 /* To-Do List App.app */ = {isa = PBXFileReference; explicitFileType = wrapper.application; includeInIndex = 0; path = "To-Do List App.app"; sourceTree = BUILT_PRODUCTS_DIR; };
		051747F01C1235400091E2E8 /* AppDelegate.h */ = {isa = PBXFileReference; lastKnownFileType = sourcecode.c.h; path = AppDelegate.h; sourceTree = "<group>"; };
		051747F11C1235400091E2E8 /* AppDelegate.m */ = {isa = PBXFileReference; lastKnownFileType = sourcecode.c.objc; path = AppDelegate.m; sourceTree = "<group>"; };
		051747F41C1235400091E2E8 /* main.m */ = {isa = PBXFileReference; lastKnownFileType = sourcecode.c.objc; path = main.m; sourceTree = "<group>"; };
		051747FA1C1235400091E2E8 /* To_Do_List_App.xcdatamodel */ = {isa = PBXFileReference; lastKnownFileType = wrapper.xcdatamodel; path = To_Do_List_App.xcdatamodel; sourceTree = "<group>"; };
		051747FC1C1235400091E2E8 /* Assets.xcassets */ = {isa = PBXFileReference; lastKnownFileType = folder.assetcatalog; path = Assets.xcassets; sourceTree = "<group>"; };
		051748011C1235400091E2E8 /* Info.plist */ = {isa = PBXFileReference; lastKnownFileType = text.plist.xml; path = Info.plist; sourceTree = "<group>"; };
		051748061C1235400091E2E8 /* To-Do List AppTests.xctest */ = {isa = PBXFileReference; explicitFileType = wrapper.cfbundle; includeInIndex = 0; path = "To-Do List AppTests.xctest"; sourceTree = BUILT_PRODUCTS_DIR; };
		0517480A1C1235400091E2E8 /* To_Do_List_AppTests.m */ = {isa = PBXFileReference; lastKnownFileType = sourcecode.c.objc; path = To_Do_List_AppTests.m; sourceTree = "<group>"; };
		0517480C1C1235400091E2E8 /* Info.plist */ = {isa = PBXFileReference; lastKnownFileType = text.plist.xml; path = Info.plist; sourceTree = "<group>"; };
		051748111C1235410091E2E8 /* To-Do List AppUITests.xctest */ = {isa = PBXFileReference; explicitFileType = wrapper.cfbundle; includeInIndex = 0; path = "To-Do List AppUITests.xctest"; sourceTree = BUILT_PRODUCTS_DIR; };
		051748151C1235410091E2E8 /* To_Do_List_AppUITests.m */ = {isa = PBXFileReference; lastKnownFileType = sourcecode.c.objc; path = To_Do_List_AppUITests.m; sourceTree = "<group>"; };
		051748171C1235410091E2E8 /* Info.plist */ = {isa = PBXFileReference; lastKnownFileType = text.plist.xml; path = Info.plist; sourceTree = "<group>"; };
		B483BEB71C5D420F00B2A9D4 /* TDLBtnNew.h */ = {isa = PBXFileReference; fileEncoding = 4; lastKnownFileType = sourcecode.c.h; name = TDLBtnNew.h; path = Lib/ToDoListAppUI/TDLBtnNew.h; sourceTree = "<group>"; };
		B483BEB81C5D420F00B2A9D4 /* TDLBtnNew.m */ = {isa = PBXFileReference; fileEncoding = 4; lastKnownFileType = sourcecode.c.objc; name = TDLBtnNew.m; path = Lib/ToDoListAppUI/TDLBtnNew.m; sourceTree = "<group>"; };
		B48867C41C4ED757006D8E67 /* PSBBgView.h */ = {isa = PBXFileReference; fileEncoding = 4; lastKnownFileType = sourcecode.c.h; name = PSBBgView.h; path = Lib/PopupInStatusBar/PSBBgView.h; sourceTree = "<group>"; };
		B48867C51C4ED757006D8E67 /* PSBBgView.m */ = {isa = PBXFileReference; fileEncoding = 4; lastKnownFileType = sourcecode.c.objc; name = PSBBgView.m; path = Lib/PopupInStatusBar/PSBBgView.m; sourceTree = "<group>"; };
		B48867C61C4ED757006D8E67 /* PSBMenuBarCtrl.h */ = {isa = PBXFileReference; fileEncoding = 4; lastKnownFileType = sourcecode.c.h; name = PSBMenuBarCtrl.h; path = Lib/PopupInStatusBar/PSBMenuBarCtrl.h; sourceTree = "<group>"; };
		B48867C71C4ED757006D8E67 /* PSBMenuBarCtrl.m */ = {isa = PBXFileReference; fileEncoding = 4; lastKnownFileType = sourcecode.c.objc; name = PSBMenuBarCtrl.m; path = Lib/PopupInStatusBar/PSBMenuBarCtrl.m; sourceTree = "<group>"; };
		B48867C81C4ED757006D8E67 /* PSBPanel.h */ = {isa = PBXFileReference; fileEncoding = 4; lastKnownFileType = sourcecode.c.h; name = PSBPanel.h; path = Lib/PopupInStatusBar/PSBPanel.h; sourceTree = "<group>"; };
		B48867C91C4ED757006D8E67 /* PSBPanel.m */ = {isa = PBXFileReference; fileEncoding = 4; lastKnownFileType = sourcecode.c.objc; name = PSBPanel.m; path = Lib/PopupInStatusBar/PSBPanel.m; sourceTree = "<group>"; };
		B48867CA1C4ED757006D8E67 /* PSBPanelCtrl.h */ = {isa = PBXFileReference; fileEncoding = 4; lastKnownFileType = sourcecode.c.h; name = PSBPanelCtrl.h; path = Lib/PopupInStatusBar/PSBPanelCtrl.h; sourceTree = "<group>"; };
		B48867CB1C4ED757006D8E67 /* PSBPanelCtrl.m */ = {isa = PBXFileReference; fileEncoding = 4; lastKnownFileType = sourcecode.c.objc; name = PSBPanelCtrl.m; path = Lib/PopupInStatusBar/PSBPanelCtrl.m; sourceTree = "<group>"; };
		B48867CC1C4ED757006D8E67 /* PSBPopupInStatusBar.h */ = {isa = PBXFileReference; fileEncoding = 4; lastKnownFileType = sourcecode.c.h; name = PSBPopupInStatusBar.h; path = Lib/PopupInStatusBar/PSBPopupInStatusBar.h; sourceTree = "<group>"; };
		B48867CD1C4ED757006D8E67 /* PSBPopupInStatusBar.m */ = {isa = PBXFileReference; fileEncoding = 4; lastKnownFileType = sourcecode.c.objc; name = PSBPopupInStatusBar.m; path = Lib/PopupInStatusBar/PSBPopupInStatusBar.m; sourceTree = "<group>"; };
		B48867CE1C4ED757006D8E67 /* PSBSearchTxtView.h */ = {isa = PBXFileReference; fileEncoding = 4; lastKnownFileType = sourcecode.c.h; name = PSBSearchTxtView.h; path = Lib/PopupInStatusBar/PSBSearchTxtView.h; sourceTree = "<group>"; };
		B48867CF1C4ED757006D8E67 /* PSBSearchTxtView.m */ = {isa = PBXFileReference; fileEncoding = 4; lastKnownFileType = sourcecode.c.objc; name = PSBSearchTxtView.m; path = Lib/PopupInStatusBar/PSBSearchTxtView.m; sourceTree = "<group>"; };
		B48867D01C4ED757006D8E67 /* PSBSearchTxtWin.h */ = {isa = PBXFileReference; fileEncoding = 4; lastKnownFileType = sourcecode.c.h; name = PSBSearchTxtWin.h; path = Lib/PopupInStatusBar/PSBSearchTxtWin.h; sourceTree = "<group>"; };
		B48867D11C4ED757006D8E67 /* PSBSearchTxtWin.m */ = {isa = PBXFileReference; fileEncoding = 4; lastKnownFileType = sourcecode.c.objc; name = PSBSearchTxtWin.m; path = Lib/PopupInStatusBar/PSBSearchTxtWin.m; sourceTree = "<group>"; };
		B48867D21C4ED757006D8E67 /* PSBStatusItemView.h */ = {isa = PBXFileReference; fileEncoding = 4; lastKnownFileType = sourcecode.c.h; name = PSBStatusItemView.h; path = Lib/PopupInStatusBar/PSBStatusItemView.h; sourceTree = "<group>"; };
		B48867D31C4ED757006D8E67 /* PSBStatusItemView.m */ = {isa = PBXFileReference; fileEncoding = 4; lastKnownFileType = sourcecode.c.objc; name = PSBStatusItemView.m; path = Lib/PopupInStatusBar/PSBStatusItemView.m; sourceTree = "<group>"; };
		B498F3041C4EAC9900C57344 /* TDLDataSource.h */ = {isa = PBXFileReference; fileEncoding = 4; lastKnownFileType = sourcecode.c.h; name = TDLDataSource.h; path = Lib/ToDoListAppUI/TDLDataSource.h; sourceTree = "<group>"; };
		B498F3051C4EAC9900C57344 /* TDLDataSource.m */ = {isa = PBXFileReference; fileEncoding = 4; lastKnownFileType = sourcecode.c.objc; name = TDLDataSource.m; path = Lib/ToDoListAppUI/TDLDataSource.m; sourceTree = "<group>"; };
		B498F3061C4EAC9900C57344 /* TDLItem.h */ = {isa = PBXFileReference; fileEncoding = 4; lastKnownFileType = sourcecode.c.h; name = TDLItem.h; path = Lib/ToDoListAppUI/TDLItem.h; sourceTree = "<group>"; };
		B498F3071C4EAC9900C57344 /* TDLItem.m */ = {isa = PBXFileReference; fileEncoding = 4; lastKnownFileType = sourcecode.c.objc; name = TDLItem.m; path = Lib/ToDoListAppUI/TDLItem.m; sourceTree = "<group>"; };
		B498F3081C4EAC9900C57344 /* TDLOutlineView.h */ = {isa = PBXFileReference; fileEncoding = 4; lastKnownFileType = sourcecode.c.h; name = TDLOutlineView.h; path = Lib/ToDoListAppUI/TDLOutlineView.h; sourceTree = "<group>"; };
		B498F3091C4EAC9900C57344 /* TDLOutlineView.m */ = {isa = PBXFileReference; fileEncoding = 4; lastKnownFileType = sourcecode.c.objc; name = TDLOutlineView.m; path = Lib/ToDoListAppUI/TDLOutlineView.m; sourceTree = "<group>"; };
		B498F30A1C4EAC9900C57344 /* TDLOutlineViewDelegate.h */ = {isa = PBXFileReference; fileEncoding = 4; lastKnownFileType = sourcecode.c.h; name = TDLOutlineViewDelegate.h; path = Lib/ToDoListAppUI/TDLOutlineViewDelegate.h; sourceTree = "<group>"; };
		B498F30B1C4EAC9900C57344 /* TDLOutlineViewDelegate.m */ = {isa = PBXFileReference; fileEncoding = 4; lastKnownFileType = sourcecode.c.objc; name = TDLOutlineViewDelegate.m; path = Lib/ToDoListAppUI/TDLOutlineViewDelegate.m; sourceTree = "<group>"; };
		B498F30C1C4EAC9900C57344 /* TDLScrollView.h */ = {isa = PBXFileReference; fileEncoding = 4; lastKnownFileType = sourcecode.c.h; name = TDLScrollView.h; path = Lib/ToDoListAppUI/TDLScrollView.h; sourceTree = "<group>"; };
		B498F30D1C4EAC9900C57344 /* TDLScrollView.m */ = {isa = PBXFileReference; fileEncoding = 4; lastKnownFileType = sourcecode.c.objc; name = TDLScrollView.m; path = Lib/ToDoListAppUI/TDLScrollView.m; sourceTree = "<group>"; };
		B498F30E1C4EAC9900C57344 /* TDLTblCellView.h */ = {isa = PBXFileReference; fileEncoding = 4; lastKnownFileType = sourcecode.c.h; name = TDLTblCellView.h; path = Lib/ToDoListAppUI/TDLTblCellView.h; sourceTree = "<group>"; };
		B498F30F1C4EAC9900C57344 /* TDLTblCellView.m */ = {isa = PBXFileReference; fileEncoding = 4; lastKnownFileType = sourcecode.c.objc; name = TDLTblCellView.m; path = Lib/ToDoListAppUI/TDLTblCellView.m; sourceTree = "<group>"; };
		B498F3101C4EAC9900C57344 /* TDLTblRowView.h */ = {isa = PBXFileReference; fileEncoding = 4; lastKnownFileType = sourcecode.c.h; name = TDLTblRowView.h; path = Lib/ToDoListAppUI/TDLTblRowView.h; sourceTree = "<group>"; };
		B498F3111C4EAC9900C57344 /* TDLTblRowView.m */ = {isa = PBXFileReference; fileEncoding = 4; lastKnownFileType = sourcecode.c.objc; name = TDLTblRowView.m; path = Lib/ToDoListAppUI/TDLTblRowView.m; sourceTree = "<group>"; };
		B498F3121C4EAC9900C57344 /* TDLView.h */ = {isa = PBXFileReference; fileEncoding = 4; lastKnownFileType = sourcecode.c.h; name = TDLView.h; path = Lib/ToDoListAppUI/TDLView.h; sourceTree = "<group>"; };
		B498F3131C4EAC9900C57344 /* TDLView.m */ = {isa = PBXFileReference; fileEncoding = 4; lastKnownFileType = sourcecode.c.objc; name = TDLView.m; path = Lib/ToDoListAppUI/TDLView.m; sourceTree = "<group>"; };
		B498F3141C4EAC9900C57344 /* TDLViewCtrl.h */ = {isa = PBXFileReference; fileEncoding = 4; lastKnownFileType = sourcecode.c.h; name = TDLViewCtrl.h; path = Lib/ToDoListAppUI/TDLViewCtrl.h; sourceTree = "<group>"; };
		B498F3151C4EAC9900C57344 /* TDLViewCtrl.m */ = {isa = PBXFileReference; fileEncoding = 4; lastKnownFileType = sourcecode.c.objc; name = TDLViewCtrl.m; path = Lib/ToDoListAppUI/TDLViewCtrl.m; sourceTree = "<group>"; };
		B498F3161C4EAC9900C57344 /* TDLWinCtrl.h */ = {isa = PBXFileReference; fileEncoding = 4; lastKnownFileType = sourcecode.c.h; name = TDLWinCtrl.h; path = Lib/ToDoListAppUI/TDLWinCtrl.h; sourceTree = "<group>"; };
		B498F3171C4EAC9900C57344 /* TDLWinCtrl.m */ = {isa = PBXFileReference; fileEncoding = 4; lastKnownFileType = sourcecode.c.objc; name = TDLWinCtrl.m; path = Lib/ToDoListAppUI/TDLWinCtrl.m; sourceTree = "<group>"; };
		B498F3231C4EBFCB00C57344 /* Utils.h */ = {isa = PBXFileReference; fileEncoding = 4; lastKnownFileType = sourcecode.c.h; name = Utils.h; path = Classes/Utils.h; sourceTree = "<group>"; };
		B498F3241C4EBFCB00C57344 /* Utils.m */ = {isa = PBXFileReference; fileEncoding = 4; lastKnownFileType = sourcecode.c.objc; name = Utils.m; path = Classes/Utils.m; sourceTree = "<group>"; };
		B498F32D1C4EC75B00C57344 /* Base */ = {isa = PBXFileReference; lastKnownFileType = file.storyboard; name = Base; path = Base.lproj/Main.storyboard; sourceTree = "<group>"; };
/* End PBXFileReference section */

/* Begin PBXFrameworksBuildPhase section */
		051747EA1C1235400091E2E8 /* Frameworks */ = {
			isa = PBXFrameworksBuildPhase;
			buildActionMask = 2147483647;
			files = (
			);
			runOnlyForDeploymentPostprocessing = 0;
		};
		051748031C1235400091E2E8 /* Frameworks */ = {
			isa = PBXFrameworksBuildPhase;
			buildActionMask = 2147483647;
			files = (
			);
			runOnlyForDeploymentPostprocessing = 0;
		};
		0517480E1C1235410091E2E8 /* Frameworks */ = {
			isa = PBXFrameworksBuildPhase;
			buildActionMask = 2147483647;
			files = (
			);
			runOnlyForDeploymentPostprocessing = 0;
		};
/* End PBXFrameworksBuildPhase section */

/* Begin PBXGroup section */
		051747E41C1235400091E2E8 = {
			isa = PBXGroup;
			children = (
				051747EF1C1235400091E2E8 /* To-Do List App */,
				051748091C1235400091E2E8 /* To-Do List AppTests */,
				051748141C1235410091E2E8 /* To-Do List AppUITests */,
				051747EE1C1235400091E2E8 /* Products */,
			);
			sourceTree = "<group>";
		};
		051747EE1C1235400091E2E8 /* Products */ = {
			isa = PBXGroup;
			children = (
				051747ED1C1235400091E2E8 /* To-Do List App.app */,
				051748061C1235400091E2E8 /* To-Do List AppTests.xctest */,
				051748111C1235410091E2E8 /* To-Do List AppUITests.xctest */,
			);
			name = Products;
			sourceTree = "<group>";
		};
		051747EF1C1235400091E2E8 /* To-Do List App */ = {
			isa = PBXGroup;
			children = (
				B498F2E91C4EAC6400C57344 /* Lib */,
				B498F3221C4EAF9B00C57344 /* Classes */,
				051747F01C1235400091E2E8 /* AppDelegate.h */,
				051747F11C1235400091E2E8 /* AppDelegate.m */,
				051747FC1C1235400091E2E8 /* Assets.xcassets */,
				051748011C1235400091E2E8 /* Info.plist */,
				051747F91C1235400091E2E8 /* To_Do_List_App.xcdatamodeld */,
				B498F32C1C4EC75B00C57344 /* Main.storyboard */,
				051747F31C1235400091E2E8 /* Supporting Files */,
			);
			path = "To-Do List App";
			sourceTree = "<group>";
		};
		051747F31C1235400091E2E8 /* Supporting Files */ = {
			isa = PBXGroup;
			children = (
				051747F41C1235400091E2E8 /* main.m */,
			);
			name = "Supporting Files";
			sourceTree = "<group>";
		};
		051748091C1235400091E2E8 /* To-Do List AppTests */ = {
			isa = PBXGroup;
			children = (
				0517480A1C1235400091E2E8 /* To_Do_List_AppTests.m */,
				0517480C1C1235400091E2E8 /* Info.plist */,
			);
			path = "To-Do List AppTests";
			sourceTree = "<group>";
		};
		051748141C1235410091E2E8 /* To-Do List AppUITests */ = {
			isa = PBXGroup;
			children = (
				051748151C1235410091E2E8 /* To_Do_List_AppUITests.m */,
				051748171C1235410091E2E8 /* Info.plist */,
			);
			path = "To-Do List AppUITests";
			sourceTree = "<group>";
		};
		B498F2E91C4EAC6400C57344 /* Lib */ = {
			isa = PBXGroup;
			children = (
				B498F2EA1C4EAC6A00C57344 /* PopupInStatusBar */,
				B498F2EB1C4EAC7200C57344 /* ToDoListAppUI */,
			);
			name = Lib;
			sourceTree = "<group>";
		};
		B498F2EA1C4EAC6A00C57344 /* PopupInStatusBar */ = {
			isa = PBXGroup;
			children = (
				B48867C41C4ED757006D8E67 /* PSBBgView.h */,
				B48867C51C4ED757006D8E67 /* PSBBgView.m */,
				B48867C61C4ED757006D8E67 /* PSBMenuBarCtrl.h */,
				B48867C71C4ED757006D8E67 /* PSBMenuBarCtrl.m */,
				B48867C81C4ED757006D8E67 /* PSBPanel.h */,
				B48867C91C4ED757006D8E67 /* PSBPanel.m */,
				B48867CA1C4ED757006D8E67 /* PSBPanelCtrl.h */,
				B48867CB1C4ED757006D8E67 /* PSBPanelCtrl.m */,
				B48867CC1C4ED757006D8E67 /* PSBPopupInStatusBar.h */,
				B48867CD1C4ED757006D8E67 /* PSBPopupInStatusBar.m */,
				B48867CE1C4ED757006D8E67 /* PSBSearchTxtView.h */,
				B48867CF1C4ED757006D8E67 /* PSBSearchTxtView.m */,
				B48867D01C4ED757006D8E67 /* PSBSearchTxtWin.h */,
				B48867D11C4ED757006D8E67 /* PSBSearchTxtWin.m */,
				B48867D21C4ED757006D8E67 /* PSBStatusItemView.h */,
				B48867D31C4ED757006D8E67 /* PSBStatusItemView.m */,
			);
			name = PopupInStatusBar;
			sourceTree = "<group>";
		};
		B498F2EB1C4EAC7200C57344 /* ToDoListAppUI */ = {
			isa = PBXGroup;
			children = (
				B483BEB71C5D420F00B2A9D4 /* TDLBtnNew.h */,
				B483BEB81C5D420F00B2A9D4 /* TDLBtnNew.m */,
				B498F3041C4EAC9900C57344 /* TDLDataSource.h */,
				B498F3051C4EAC9900C57344 /* TDLDataSource.m */,
				B498F3061C4EAC9900C57344 /* TDLItem.h */,
				B498F3071C4EAC9900C57344 /* TDLItem.m */,
				B498F3081C4EAC9900C57344 /* TDLOutlineView.h */,
				B498F3091C4EAC9900C57344 /* TDLOutlineView.m */,
				B498F30A1C4EAC9900C57344 /* TDLOutlineViewDelegate.h */,
				B498F30B1C4EAC9900C57344 /* TDLOutlineViewDelegate.m */,
				B498F30C1C4EAC9900C57344 /* TDLScrollView.h */,
				B498F30D1C4EAC9900C57344 /* TDLScrollView.m */,
				B498F30E1C4EAC9900C57344 /* TDLTblCellView.h */,
				B498F30F1C4EAC9900C57344 /* TDLTblCellView.m */,
				B498F3101C4EAC9900C57344 /* TDLTblRowView.h */,
				B498F3111C4EAC9900C57344 /* TDLTblRowView.m */,
				B498F3121C4EAC9900C57344 /* TDLView.h */,
				B498F3131C4EAC9900C57344 /* TDLView.m */,
				B498F3141C4EAC9900C57344 /* TDLViewCtrl.h */,
				B498F3151C4EAC9900C57344 /* TDLViewCtrl.m */,
				B498F3161C4EAC9900C57344 /* TDLWinCtrl.h */,
				B498F3171C4EAC9900C57344 /* TDLWinCtrl.m */,
			);
			name = ToDoListAppUI;
			sourceTree = "<group>";
		};
		B498F3221C4EAF9B00C57344 /* Classes */ = {
			isa = PBXGroup;
			children = (
				B498F3231C4EBFCB00C57344 /* Utils.h */,
				B498F3241C4EBFCB00C57344 /* Utils.m */,
			);
			name = Classes;
			sourceTree = "<group>";
		};
/* End PBXGroup section */

/* Begin PBXNativeTarget section */
		051747EC1C1235400091E2E8 /* To-Do List App */ = {
			isa = PBXNativeTarget;
			buildConfigurationList = 0517481A1C1235410091E2E8 /* Build configuration list for PBXNativeTarget "To-Do List App" */;
			buildPhases = (
				051747E91C1235400091E2E8 /* Sources */,
				051747EA1C1235400091E2E8 /* Frameworks */,
				051747EB1C1235400091E2E8 /* Resources */,
			);
			buildRules = (
			);
			dependencies = (
			);
			name = "To-Do List App";
			productName = "To-Do List App";
			productReference = 051747ED1C1235400091E2E8 /* To-Do List App.app */;
			productType = "com.apple.product-type.application";
		};
		051748051C1235400091E2E8 /* To-Do List AppTests */ = {
			isa = PBXNativeTarget;
			buildConfigurationList = 0517481D1C1235410091E2E8 /* Build configuration list for PBXNativeTarget "To-Do List AppTests" */;
			buildPhases = (
				051748021C1235400091E2E8 /* Sources */,
				051748031C1235400091E2E8 /* Frameworks */,
				051748041C1235400091E2E8 /* Resources */,
			);
			buildRules = (
			);
			dependencies = (
				051748081C1235400091E2E8 /* PBXTargetDependency */,
			);
			name = "To-Do List AppTests";
			productName = "To-Do List AppTests";
			productReference = 051748061C1235400091E2E8 /* To-Do List AppTests.xctest */;
			productType = "com.apple.product-type.bundle.unit-test";
		};
		051748101C1235410091E2E8 /* To-Do List AppUITests */ = {
			isa = PBXNativeTarget;
			buildConfigurationList = 051748201C1235410091E2E8 /* Build configuration list for PBXNativeTarget "To-Do List AppUITests" */;
			buildPhases = (
				0517480D1C1235410091E2E8 /* Sources */,
				0517480E1C1235410091E2E8 /* Frameworks */,
				0517480F1C1235410091E2E8 /* Resources */,
			);
			buildRules = (
			);
			dependencies = (
				051748131C1235410091E2E8 /* PBXTargetDependency */,
			);
			name = "To-Do List AppUITests";
			productName = "To-Do List AppUITests";
			productReference = 051748111C1235410091E2E8 /* To-Do List AppUITests.xctest */;
			productType = "com.apple.product-type.bundle.ui-testing";
		};
/* End PBXNativeTarget section */

/* Begin PBXProject section */
		051747E51C1235400091E2E8 /* Project object */ = {
			isa = PBXProject;
			attributes = {
				LastUpgradeCheck = 0700;
				ORGANIZATIONNAME = Gussenov;
				TargetAttributes = {
					051747EC1C1235400091E2E8 = {
						CreatedOnToolsVersion = 7.0;
					};
					051748051C1235400091E2E8 = {
						CreatedOnToolsVersion = 7.0;
						TestTargetID = 051747EC1C1235400091E2E8;
					};
					051748101C1235410091E2E8 = {
						CreatedOnToolsVersion = 7.0;
						TestTargetID = 051747EC1C1235400091E2E8;
					};
				};
			};
			buildConfigurationList = 051747E81C1235400091E2E8 /* Build configuration list for PBXProject "To-Do List App" */;
			compatibilityVersion = "Xcode 3.2";
			developmentRegion = English;
			hasScannedForEncodings = 0;
			knownRegions = (
				en,
				Base,
			);
			mainGroup = 051747E41C1235400091E2E8;
			productRefGroup = 051747EE1C1235400091E2E8 /* Products */;
			projectDirPath = "";
			projectRoot = "";
			targets = (
				051747EC1C1235400091E2E8 /* To-Do List App */,
				051748051C1235400091E2E8 /* To-Do List AppTests */,
				051748101C1235410091E2E8 /* To-Do List AppUITests */,
			);
		};
/* End PBXProject section */

/* Begin PBXResourcesBuildPhase section */
		051747EB1C1235400091E2E8 /* Resources */ = {
			isa = PBXResourcesBuildPhase;
			buildActionMask = 2147483647;
			files = (
				051747FD1C1235400091E2E8 /* Assets.xcassets in Resources */,
				B498F32E1C4EC75B00C57344 /* Main.storyboard in Resources */,
			);
			runOnlyForDeploymentPostprocessing = 0;
		};
		051748041C1235400091E2E8 /* Resources */ = {
			isa = PBXResourcesBuildPhase;
			buildActionMask = 2147483647;
			files = (
			);
			runOnlyForDeploymentPostprocessing = 0;
		};
		0517480F1C1235410091E2E8 /* Resources */ = {
			isa = PBXResourcesBuildPhase;
			buildActionMask = 2147483647;
			files = (
			);
			runOnlyForDeploymentPostprocessing = 0;
		};
/* End PBXResourcesBuildPhase section */

/* Begin PBXSourcesBuildPhase section */
		051747E91C1235400091E2E8 /* Sources */ = {
			isa = PBXSourcesBuildPhase;
			buildActionMask = 2147483647;
			files = (
				B498F31C1C4EAC9900C57344 /* TDLScrollView.m in Sources */,
				B498F3201C4EAC9900C57344 /* TDLViewCtrl.m in Sources */,
				B498F31D1C4EAC9900C57344 /* TDLTblCellView.m in Sources */,
				B48867DA1C4ED757006D8E67 /* PSBSearchTxtWin.m in Sources */,
				B48867D91C4ED757006D8E67 /* PSBSearchTxtView.m in Sources */,
				B498F31F1C4EAC9900C57344 /* TDLView.m in Sources */,
				B498F3211C4EAC9900C57344 /* TDLWinCtrl.m in Sources */,
				B498F3181C4EAC9900C57344 /* TDLDataSource.m in Sources */,
				B498F3191C4EAC9900C57344 /* TDLItem.m in Sources */,
				B48867D71C4ED757006D8E67 /* PSBPanelCtrl.m in Sources */,
				B498F31A1C4EAC9900C57344 /* TDLOutlineView.m in Sources */,
				051747F51C1235400091E2E8 /* main.m in Sources */,
				B498F31B1C4EAC9900C57344 /* TDLOutlineViewDelegate.m in Sources */,
				051747F21C1235400091E2E8 /* AppDelegate.m in Sources */,
				051747FB1C1235400091E2E8 /* To_Do_List_App.xcdatamodeld in Sources */,
				B483BEB91C5D420F00B2A9D4 /* TDLBtnNew.m in Sources */,
				B48867D41C4ED757006D8E67 /* PSBBgView.m in Sources */,
				B498F3251C4EBFCB00C57344 /* Utils.m in Sources */,
				B48867D61C4ED757006D8E67 /* PSBPanel.m in Sources */,
				B498F31E1C4EAC9900C57344 /* TDLTblRowView.m in Sources */,
				B48867DB1C4ED757006D8E67 /* PSBStatusItemView.m in Sources */,
				B48867D81C4ED757006D8E67 /* PSBPopupInStatusBar.m in Sources */,
				B48867D51C4ED757006D8E67 /* PSBMenuBarCtrl.m in Sources */,
			);
			runOnlyForDeploymentPostprocessing = 0;
		};
		051748021C1235400091E2E8 /* Sources */ = {
			isa = PBXSourcesBuildPhase;
			buildActionMask = 2147483647;
			files = (
				0517480B1C1235400091E2E8 /* To_Do_List_AppTests.m in Sources */,
			);
			runOnlyForDeploymentPostprocessing = 0;
		};
		0517480D1C1235410091E2E8 /* Sources */ = {
			isa = PBXSourcesBuildPhase;
			buildActionMask = 2147483647;
			files = (
				051748161C1235410091E2E8 /* To_Do_List_AppUITests.m in Sources */,
			);
			runOnlyForDeploymentPostprocessing = 0;
		};
/* End PBXSourcesBuildPhase section */

/* Begin PBXTargetDependency section */
		051748081C1235400091E2E8 /* PBXTargetDependency */ = {
			isa = PBXTargetDependency;
			target = 051747EC1C1235400091E2E8 /* To-Do List App */;
			targetProxy = 051748071C1235400091E2E8 /* PBXContainerItemProxy */;
		};
		051748131C1235410091E2E8 /* PBXTargetDependency */ = {
			isa = PBXTargetDependency;
			target = 051747EC1C1235400091E2E8 /* To-Do List App */;
			targetProxy = 051748121C1235410091E2E8 /* PBXContainerItemProxy */;
		};
/* End PBXTargetDependency section */

/* Begin PBXVariantGroup section */
		B498F32C1C4EC75B00C57344 /* Main.storyboard */ = {
			isa = PBXVariantGroup;
			children = (
				B498F32D1C4EC75B00C57344 /* Base */,
			);
			name = Main.storyboard;
			sourceTree = "<group>";
		};
/* End PBXVariantGroup section */

/* Begin XCBuildConfiguration section */
		051748181C1235410091E2E8 /* Debug */ = {
			isa = XCBuildConfiguration;
			buildSettings = {
				ALWAYS_SEARCH_USER_PATHS = NO;
				CLANG_CXX_LANGUAGE_STANDARD = "gnu++0x";
				CLANG_CXX_LIBRARY = "libc++";
				CLANG_ENABLE_MODULES = YES;
				CLANG_ENABLE_OBJC_ARC = YES;
				CLANG_WARN_BOOL_CONVERSION = YES;
				CLANG_WARN_CONSTANT_CONVERSION = YES;
				CLANG_WARN_DIRECT_OBJC_ISA_USAGE = YES_ERROR;
				CLANG_WARN_EMPTY_BODY = YES;
				CLANG_WARN_ENUM_CONVERSION = YES;
				CLANG_WARN_INT_CONVERSION = YES;
				CLANG_WARN_OBJC_ROOT_CLASS = YES_ERROR;
				CLANG_WARN_UNREACHABLE_CODE = YES;
				CLANG_WARN__DUPLICATE_METHOD_MATCH = YES;
				CODE_SIGN_IDENTITY = "-";
				COPY_PHASE_STRIP = NO;
				DEBUG_INFORMATION_FORMAT = dwarf;
				ENABLE_STRICT_OBJC_MSGSEND = YES;
				ENABLE_TESTABILITY = YES;
				GCC_C_LANGUAGE_STANDARD = gnu99;
				GCC_DYNAMIC_NO_PIC = NO;
				GCC_NO_COMMON_BLOCKS = YES;
				GCC_OPTIMIZATION_LEVEL = 0;
				GCC_PREPROCESSOR_DEFINITIONS = (
					"DEBUG=1",
					"$(inherited)",
				);
				GCC_WARN_64_TO_32_BIT_CONVERSION = YES;
				GCC_WARN_ABOUT_RETURN_TYPE = YES_ERROR;
				GCC_WARN_UNDECLARED_SELECTOR = YES;
				GCC_WARN_UNINITIALIZED_AUTOS = YES_AGGRESSIVE;
				GCC_WARN_UNUSED_FUNCTION = YES;
				GCC_WARN_UNUSED_VARIABLE = YES;
				MACOSX_DEPLOYMENT_TARGET = 10.10;
				MTL_ENABLE_DEBUG_INFO = YES;
				ONLY_ACTIVE_ARCH = YES;
				SDKROOT = macosx;
			};
			name = Debug;
		};
		051748191C1235410091E2E8 /* Release */ = {
			isa = XCBuildConfiguration;
			buildSettings = {
				ALWAYS_SEARCH_USER_PATHS = NO;
				CLANG_CXX_LANGUAGE_STANDARD = "gnu++0x";
				CLANG_CXX_LIBRARY = "libc++";
				CLANG_ENABLE_MODULES = YES;
				CLANG_ENABLE_OBJC_ARC = YES;
				CLANG_WARN_BOOL_CONVERSION = YES;
				CLANG_WARN_CONSTANT_CONVERSION = YES;
				CLANG_WARN_DIRECT_OBJC_ISA_USAGE = YES_ERROR;
				CLANG_WARN_EMPTY_BODY = YES;
				CLANG_WARN_ENUM_CONVERSION = YES;
				CLANG_WARN_INT_CONVERSION = YES;
				CLANG_WARN_OBJC_ROOT_CLASS = YES_ERROR;
				CLANG_WARN_UNREACHABLE_CODE = YES;
				CLANG_WARN__DUPLICATE_METHOD_MATCH = YES;
				CODE_SIGN_IDENTITY = "-";
				COPY_PHASE_STRIP = NO;
				DEBUG_INFORMATION_FORMAT = "dwarf-with-dsym";
				ENABLE_NS_ASSERTIONS = NO;
				ENABLE_STRICT_OBJC_MSGSEND = YES;
				GCC_C_LANGUAGE_STANDARD = gnu99;
				GCC_NO_COMMON_BLOCKS = YES;
				GCC_WARN_64_TO_32_BIT_CONVERSION = YES;
				GCC_WARN_ABOUT_RETURN_TYPE = YES_ERROR;
				GCC_WARN_UNDECLARED_SELECTOR = YES;
				GCC_WARN_UNINITIALIZED_AUTOS = YES_AGGRESSIVE;
				GCC_WARN_UNUSED_FUNCTION = YES;
				GCC_WARN_UNUSED_VARIABLE = YES;
				MACOSX_DEPLOYMENT_TARGET = 10.10;
				MTL_ENABLE_DEBUG_INFO = NO;
				SDKROOT = macosx;
			};
			name = Release;
		};
		0517481B1C1235410091E2E8 /* Debug */ = {
			isa = XCBuildConfiguration;
			buildSettings = {
				ASSETCATALOG_COMPILER_APPICON_NAME = AppIcon;
				COMBINE_HIDPI_IMAGES = YES;
				INFOPLIST_FILE = "To-Do List App/Info.plist";
				LD_RUNPATH_SEARCH_PATHS = "$(inherited) @executable_path/../Frameworks";
				PRODUCT_BUNDLE_IDENTIFIER = "com.gussenov.To-Do-List-App";
				PRODUCT_NAME = "$(TARGET_NAME)";
			};
			name = Debug;
		};
		0517481C1C1235410091E2E8 /* Release */ = {
			isa = XCBuildConfiguration;
			buildSettings = {
				ASSETCATALOG_COMPILER_APPICON_NAME = AppIcon;
				COMBINE_HIDPI_IMAGES = YES;
				INFOPLIST_FILE = "To-Do List App/Info.plist";
				LD_RUNPATH_SEARCH_PATHS = "$(inherited) @executable_path/../Frameworks";
				PRODUCT_BUNDLE_IDENTIFIER = "com.gussenov.To-Do-List-App";
				PRODUCT_NAME = "$(TARGET_NAME)";
			};
			name = Release;
		};
		0517481E1C1235410091E2E8 /* Debug */ = {
			isa = XCBuildConfiguration;
			buildSettings = {
				BUNDLE_LOADER = "$(TEST_HOST)";
				COMBINE_HIDPI_IMAGES = YES;
				INFOPLIST_FILE = "To-Do List AppTests/Info.plist";
				LD_RUNPATH_SEARCH_PATHS = "$(inherited) @executable_path/../Frameworks @loader_path/../Frameworks";
				PRODUCT_BUNDLE_IDENTIFIER = "com.gussenov.To-Do-List-AppTests";
				PRODUCT_NAME = "$(TARGET_NAME)";
				TEST_HOST = "$(BUILT_PRODUCTS_DIR)/To-Do List App.app/Contents/MacOS/To-Do List App";
			};
			name = Debug;
		};
		0517481F1C1235410091E2E8 /* Release */ = {
			isa = XCBuildConfiguration;
			buildSettings = {
				BUNDLE_LOADER = "$(TEST_HOST)";
				COMBINE_HIDPI_IMAGES = YES;
				INFOPLIST_FILE = "To-Do List AppTests/Info.plist";
				LD_RUNPATH_SEARCH_PATHS = "$(inherited) @executable_path/../Frameworks @loader_path/../Frameworks";
				PRODUCT_BUNDLE_IDENTIFIER = "com.gussenov.To-Do-List-AppTests";
				PRODUCT_NAME = "$(TARGET_NAME)";
				TEST_HOST = "$(BUILT_PRODUCTS_DIR)/To-Do List App.app/Contents/MacOS/To-Do List App";
			};
			name = Release;
		};
		051748211C1235410091E2E8 /* Debug */ = {
			isa = XCBuildConfiguration;
			buildSettings = {
				COMBINE_HIDPI_IMAGES = YES;
				INFOPLIST_FILE = "To-Do List AppUITests/Info.plist";
				LD_RUNPATH_SEARCH_PATHS = "$(inherited) @executable_path/../Frameworks @loader_path/../Frameworks";
				PRODUCT_BUNDLE_IDENTIFIER = "com.gussenov.To-Do-List-AppUITests";
				PRODUCT_NAME = "$(TARGET_NAME)";
				TEST_TARGET_NAME = "To-Do List App";
				USES_XCTRUNNER = YES;
			};
			name = Debug;
		};
		051748221C1235410091E2E8 /* Release */ = {
			isa = XCBuildConfiguration;
			buildSettings = {
				COMBINE_HIDPI_IMAGES = YES;
				INFOPLIST_FILE = "To-Do List AppUITests/Info.plist";
				LD_RUNPATH_SEARCH_PATHS = "$(inherited) @executable_path/../Frameworks @loader_path/../Frameworks";
				PRODUCT_BUNDLE_IDENTIFIER = "com.gussenov.To-Do-List-AppUITests";
				PRODUCT_NAME = "$(TARGET_NAME)";
				TEST_TARGET_NAME = "To-Do List App";
				USES_XCTRUNNER = YES;
			};
			name = Release;
		};
/* End XCBuildConfiguration section */

/* Begin XCConfigurationList section */
		051747E81C1235400091E2E8 /* Build configuration list for PBXProject "To-Do List App" */ = {
			isa = XCConfigurationList;
			buildConfigurations = (
				051748181C1235410091E2E8 /* Debug */,
				051748191C1235410091E2E8 /* Release */,
			);
			defaultConfigurationIsVisible = 0;
			defaultConfigurationName = Release;
		};
		0517481A1C1235410091E2E8 /* Build configuration list for PBXNativeTarget "To-Do List App" */ = {
			isa = XCConfigurationList;
			buildConfigurations = (
				0517481B1C1235410091E2E8 /* Debug */,
				0517481C1C1235410091E2E8 /* Release */,
			);
			defaultConfigurationIsVisible = 0;
			defaultConfigurationName = Release;
		};
		0517481D1C1235410091E2E8 /* Build configuration list for PBXNativeTarget "To-Do List AppTests" */ = {
			isa = XCConfigurationList;
			buildConfigurations = (
				0517481E1C1235410091E2E8 /* Debug */,
				0517481F1C1235410091E2E8 /* Release */,
			);
			defaultConfigurationIsVisible = 0;
			defaultConfigurationName = Release;
		};
		051748201C1235410091E2E8 /* Build configuration list for PBXNativeTarget "To-Do List AppUITests" */ = {
			isa = XCConfigurationList;
			buildConfigurations = (
				051748211C1235410091E2E8 /* Debug */,
				051748221C1235410091E2E8 /* Release */,
			);
			defaultConfigurationIsVisible = 0;
			defaultConfigurationName = Release;
		};
/* End XCConfigurationList section */

/* Begin XCVersionGroup section */
		051747F91C1235400091E2E8 /* To_Do_List_App.xcdatamodeld */ = {
			isa = XCVersionGroup;
			children = (
				051747FA1C1235400091E2E8 /* To_Do_List_App.xcdatamodel */,
			);
			currentVersion = 051747FA1C1235400091E2E8 /* To_Do_List_App.xcdatamodel */;
			path = To_Do_List_App.xcdatamodeld;
			sourceTree = "<group>";
			versionGroupType = wrapper.xcdatamodel;
		};
/* End XCVersionGroup section */
	};
	rootObject = 051747E51C1235400091E2E8 /* Project object */;
}
